// !$*UTF8*$!
{
	archiveVersion = 1;
	classes = {
	};
	objectVersion = 46;
	objects = {

/* Begin PBXBuildFile section */
		4D42174D1909D724004CA8BE /* Main.storyboard in Resources */ = {isa = PBXBuildFile; fileRef = 4D42174C1909D724004CA8BE /* Main.storyboard */; };
		4D6118A419032AF100B2519F /* GPACal_AddGPAItemViewController.m in Sources */ = {isa = PBXBuildFile; fileRef = 4D6118A319032AF100B2519F /* GPACal_AddGPAItemViewController.m */; };
		4D6118A719032CBB00B2519F /* GPACal_GPACalcViewController.m in Sources */ = {isa = PBXBuildFile; fileRef = 4D6118A619032CBB00B2519F /* GPACal_GPACalcViewController.m */; };
		4D6118AA1903888800B2519F /* GPACal_GPAItem.m in Sources */ = {isa = PBXBuildFile; fileRef = 4D6118A91903888800B2519F /* GPACal_GPAItem.m */; };
		4D64AAA51904C51C00AEDE7E /* GPACal_ClassCellTableViewCell.m in Sources */ = {isa = PBXBuildFile; fileRef = 4D64AAA41904C51C00AEDE7E /* GPACal_ClassCellTableViewCell.m */; };
		4D8D63911AD598CE009F12F1 /* Loading Screen N.png in Resources */ = {isa = PBXBuildFile; fileRef = 4D8D63901AD598CE009F12F1 /* Loading Screen N.png */; };
		4D8D63931AD598EC009F12F1 /* Launch Screen.xib in Resources */ = {isa = PBXBuildFile; fileRef = 4D8D63921AD598EC009F12F1 /* Launch Screen.xib */; };
		4D9CBF4D1902114A00A708D1 /* Foundation.framework in Frameworks */ = {isa = PBXBuildFile; fileRef = 4D9CBF4C1902114A00A708D1 /* Foundation.framework */; };
		4D9CBF4F1902114A00A708D1 /* CoreGraphics.framework in Frameworks */ = {isa = PBXBuildFile; fileRef = 4D9CBF4E1902114A00A708D1 /* CoreGraphics.framework */; };
		4D9CBF511902114A00A708D1 /* UIKit.framework in Frameworks */ = {isa = PBXBuildFile; fileRef = 4D9CBF501902114A00A708D1 /* UIKit.framework */; };
		4D9CBF571902114A00A708D1 /* InfoPlist.strings in Resources */ = {isa = PBXBuildFile; fileRef = 4D9CBF551902114A00A708D1 /* InfoPlist.strings */; };
		4D9CBF591902114A00A708D1 /* main.m in Sources */ = {isa = PBXBuildFile; fileRef = 4D9CBF581902114A00A708D1 /* main.m */; };
		4D9CBF5D1902114A00A708D1 /* GPACal_AppDelegate.m in Sources */ = {isa = PBXBuildFile; fileRef = 4D9CBF5C1902114A00A708D1 /* GPACal_AppDelegate.m */; };
		4D9CBF5F1902114A00A708D1 /* Images.xcassets in Resources */ = {isa = PBXBuildFile; fileRef = 4D9CBF5E1902114A00A708D1 /* Images.xcassets */; };
		4D9CBF661902114A00A708D1 /* XCTest.framework in Frameworks */ = {isa = PBXBuildFile; fileRef = 4D9CBF651902114A00A708D1 /* XCTest.framework */; };
		4D9CBF671902114A00A708D1 /* Foundation.framework in Frameworks */ = {isa = PBXBuildFile; fileRef = 4D9CBF4C1902114A00A708D1 /* Foundation.framework */; };
		4D9CBF681902114A00A708D1 /* UIKit.framework in Frameworks */ = {isa = PBXBuildFile; fileRef = 4D9CBF501902114A00A708D1 /* UIKit.framework */; };
		4D9CBF701902114A00A708D1 /* InfoPlist.strings in Resources */ = {isa = PBXBuildFile; fileRef = 4D9CBF6E1902114A00A708D1 /* InfoPlist.strings */; };
		4D9CBF721902114A00A708D1 /* GPACalTests.m in Sources */ = {isa = PBXBuildFile; fileRef = 4D9CBF711902114A00A708D1 /* GPACalTests.m */; };
		4DE5B321195FD88700125748 /* SystemConfiguration.framework in Frameworks */ = {isa = PBXBuildFile; fileRef = 4DE5B320195FD88700125748 /* SystemConfiguration.framework */; };
		4DE61D45196332E100D5E9E9 /* Keys.plist in Resources */ = {isa = PBXBuildFile; fileRef = 4DE61D44196332E100D5E9E9 /* Keys.plist */; };
		4DE61F28196333F300D5E9E9 /* libFlurry_5.1.0.a in Frameworks */ = {isa = PBXBuildFile; fileRef = 4DE61E88196333F300D5E9E9 /* libFlurry_5.1.0.a */; };
		4DE61F29196333F300D5E9E9 /* _flurry_8h_source.html in Resources */ = {isa = PBXBuildFile; fileRef = 4DE61E8A196333F300D5E9E9 /* _flurry_8h_source.html */; };
		4DE61F2A196333F300D5E9E9 /* _flurry_ad_delegate_8h_source.html in Resources */ = {isa = PBXBuildFile; fileRef = 4DE61E8B196333F300D5E9E9 /* _flurry_ad_delegate_8h_source.html */; };
		4DE61F2B196333F300D5E9E9 /* _flurry_ads_8h_source.html in Resources */ = {isa = PBXBuildFile; fileRef = 4DE61E8C196333F300D5E9E9 /* _flurry_ads_8h_source.html */; };
		4DE61F2C196333F300D5E9E9 /* annotated.html in Resources */ = {isa = PBXBuildFile; fileRef = 4DE61E8D196333F300D5E9E9 /* annotated.html */; };
		4DE61F2E196333F300D5E9E9 /* bc_s.png in Resources */ = {isa = PBXBuildFile; fileRef = 4DE61E8F196333F300D5E9E9 /* bc_s.png */; };
		4DE61F2F196333F300D5E9E9 /* bdwn.png in Resources */ = {isa = PBXBuildFile; fileRef = 4DE61E90196333F300D5E9E9 /* bdwn.png */; };
		4DE61F30196333F300D5E9E9 /* class_flurry-members.html in Resources */ = {isa = PBXBuildFile; fileRef = 4DE61E91196333F300D5E9E9 /* class_flurry-members.html */; };
		4DE61F31196333F300D5E9E9 /* class_flurry_ads-members.html in Resources */ = {isa = PBXBuildFile; fileRef = 4DE61E92196333F300D5E9E9 /* class_flurry_ads-members.html */; };
		4DE61F32196333F300D5E9E9 /* classes.html in Resources */ = {isa = PBXBuildFile; fileRef = 4DE61E93196333F300D5E9E9 /* classes.html */; };
		4DE61F33196333F300D5E9E9 /* closed.png in Resources */ = {isa = PBXBuildFile; fileRef = 4DE61E94196333F300D5E9E9 /* closed.png */; };
		4DE61F34196333F300D5E9E9 /* deprecated.html in Resources */ = {isa = PBXBuildFile; fileRef = 4DE61E95196333F300D5E9E9 /* deprecated.html */; };
		4DE61F35196333F300D5E9E9 /* dir_191bbc312b17524397d6a9dc5f56d69f.html in Resources */ = {isa = PBXBuildFile; fileRef = 4DE61E96196333F300D5E9E9 /* dir_191bbc312b17524397d6a9dc5f56d69f.html */; };
		4DE61F37196333F300D5E9E9 /* dir_7108d0b5350daf9d6eeb299d7f091929.html in Resources */ = {isa = PBXBuildFile; fileRef = 4DE61E98196333F300D5E9E9 /* dir_7108d0b5350daf9d6eeb299d7f091929.html */; };
		4DE61F39196333F300D5E9E9 /* dir_befff70f4aff068090eb45949a2e3fc4.html in Resources */ = {isa = PBXBuildFile; fileRef = 4DE61E9A196333F300D5E9E9 /* dir_befff70f4aff068090eb45949a2e3fc4.html */; };
		4DE61F3B196333F300D5E9E9 /* dir_c8abc2155ac66564b519f37a4975a92c.html in Resources */ = {isa = PBXBuildFile; fileRef = 4DE61E9C196333F300D5E9E9 /* dir_c8abc2155ac66564b519f37a4975a92c.html */; };
		4DE61F3D196333F300D5E9E9 /* dir_f396504afdc959660871b003fa10164d.html in Resources */ = {isa = PBXBuildFile; fileRef = 4DE61E9E196333F300D5E9E9 /* dir_f396504afdc959660871b003fa10164d.html */; };
		4DE61F3F196333F300D5E9E9 /* doxygen.css in Resources */ = {isa = PBXBuildFile; fileRef = 4DE61EA0196333F300D5E9E9 /* doxygen.css */; };
		4DE61F40196333F300D5E9E9 /* doxygen.png in Resources */ = {isa = PBXBuildFile; fileRef = 4DE61EA1196333F300D5E9E9 /* doxygen.png */; };
		4DE61F42196333F300D5E9E9 /* files.html in Resources */ = {isa = PBXBuildFile; fileRef = 4DE61EA3196333F300D5E9E9 /* files.html */; };
		4DE61F44196333F300D5E9E9 /* flurry_logo.png in Resources */ = {isa = PBXBuildFile; fileRef = 4DE61EA5196333F300D5E9E9 /* flurry_logo.png */; };
		4DE61F45196333F300D5E9E9 /* ftv2blank.png in Resources */ = {isa = PBXBuildFile; fileRef = 4DE61EA6196333F300D5E9E9 /* ftv2blank.png */; };
		4DE61F46196333F300D5E9E9 /* ftv2cl.png in Resources */ = {isa = PBXBuildFile; fileRef = 4DE61EA7196333F300D5E9E9 /* ftv2cl.png */; };
		4DE61F47196333F300D5E9E9 /* ftv2doc.png in Resources */ = {isa = PBXBuildFile; fileRef = 4DE61EA8196333F300D5E9E9 /* ftv2doc.png */; };
		4DE61F48196333F300D5E9E9 /* ftv2folderclosed.png in Resources */ = {isa = PBXBuildFile; fileRef = 4DE61EA9196333F300D5E9E9 /* ftv2folderclosed.png */; };
		4DE61F49196333F300D5E9E9 /* ftv2folderopen.png in Resources */ = {isa = PBXBuildFile; fileRef = 4DE61EAA196333F300D5E9E9 /* ftv2folderopen.png */; };
		4DE61F4A196333F300D5E9E9 /* ftv2lastnode.png in Resources */ = {isa = PBXBuildFile; fileRef = 4DE61EAB196333F300D5E9E9 /* ftv2lastnode.png */; };
		4DE61F4B196333F300D5E9E9 /* ftv2link.png in Resources */ = {isa = PBXBuildFile; fileRef = 4DE61EAC196333F300D5E9E9 /* ftv2link.png */; };
		4DE61F4C196333F300D5E9E9 /* ftv2mlastnode.png in Resources */ = {isa = PBXBuildFile; fileRef = 4DE61EAD196333F300D5E9E9 /* ftv2mlastnode.png */; };
		4DE61F4D196333F300D5E9E9 /* ftv2mnode.png in Resources */ = {isa = PBXBuildFile; fileRef = 4DE61EAE196333F300D5E9E9 /* ftv2mnode.png */; };
		4DE61F4E196333F300D5E9E9 /* ftv2mo.png in Resources */ = {isa = PBXBuildFile; fileRef = 4DE61EAF196333F300D5E9E9 /* ftv2mo.png */; };
		4DE61F4F196333F300D5E9E9 /* ftv2node.png in Resources */ = {isa = PBXBuildFile; fileRef = 4DE61EB0196333F300D5E9E9 /* ftv2node.png */; };
		4DE61F50196333F300D5E9E9 /* ftv2ns.png in Resources */ = {isa = PBXBuildFile; fileRef = 4DE61EB1196333F300D5E9E9 /* ftv2ns.png */; };
		4DE61F51196333F300D5E9E9 /* ftv2plastnode.png in Resources */ = {isa = PBXBuildFile; fileRef = 4DE61EB2196333F300D5E9E9 /* ftv2plastnode.png */; };
		4DE61F52196333F300D5E9E9 /* ftv2pnode.png in Resources */ = {isa = PBXBuildFile; fileRef = 4DE61EB3196333F300D5E9E9 /* ftv2pnode.png */; };
		4DE61F53196333F300D5E9E9 /* ftv2splitbar.png in Resources */ = {isa = PBXBuildFile; fileRef = 4DE61EB4196333F300D5E9E9 /* ftv2splitbar.png */; };
		4DE61F54196333F300D5E9E9 /* ftv2vertline.png in Resources */ = {isa = PBXBuildFile; fileRef = 4DE61EB5196333F300D5E9E9 /* ftv2vertline.png */; };
		4DE61F55196333F300D5E9E9 /* functions.html in Resources */ = {isa = PBXBuildFile; fileRef = 4DE61EB6196333F300D5E9E9 /* functions.html */; };
		4DE61F56196333F300D5E9E9 /* functions_func.html in Resources */ = {isa = PBXBuildFile; fileRef = 4DE61EB7196333F300D5E9E9 /* functions_func.html */; };
		4DE61F57196333F300D5E9E9 /* hierarchy.html in Resources */ = {isa = PBXBuildFile; fileRef = 4DE61EB8196333F300D5E9E9 /* hierarchy.html */; };
		4DE61F59196333F300D5E9E9 /* index.html in Resources */ = {isa = PBXBuildFile; fileRef = 4DE61EBA196333F300D5E9E9 /* index.html */; };
		4DE61F5A196333F300D5E9E9 /* interface_flurry.html in Resources */ = {isa = PBXBuildFile; fileRef = 4DE61EBB196333F300D5E9E9 /* interface_flurry.html */; };
		4DE61F5B196333F300D5E9E9 /* interface_flurry.png in Resources */ = {isa = PBXBuildFile; fileRef = 4DE61EBC196333F300D5E9E9 /* interface_flurry.png */; };
		4DE61F5C196333F300D5E9E9 /* interface_flurry_ads.html in Resources */ = {isa = PBXBuildFile; fileRef = 4DE61EBD196333F300D5E9E9 /* interface_flurry_ads.html */; };
		4DE61F5D196333F300D5E9E9 /* interface_flurry_ads.png in Resources */ = {isa = PBXBuildFile; fileRef = 4DE61EBE196333F300D5E9E9 /* interface_flurry_ads.png */; };
		4DE61F5F196333F300D5E9E9 /* nav_f.png in Resources */ = {isa = PBXBuildFile; fileRef = 4DE61EC0196333F300D5E9E9 /* nav_f.png */; };
		4DE61F60196333F300D5E9E9 /* nav_g.png in Resources */ = {isa = PBXBuildFile; fileRef = 4DE61EC1196333F300D5E9E9 /* nav_g.png */; };
		4DE61F61196333F300D5E9E9 /* nav_h.png in Resources */ = {isa = PBXBuildFile; fileRef = 4DE61EC2196333F300D5E9E9 /* nav_h.png */; };
		4DE61F62196333F300D5E9E9 /* navtree.css in Resources */ = {isa = PBXBuildFile; fileRef = 4DE61EC3196333F300D5E9E9 /* navtree.css */; };
		4DE61F65196333F300D5E9E9 /* open.png in Resources */ = {isa = PBXBuildFile; fileRef = 4DE61EC6196333F300D5E9E9 /* open.png */; };
		4DE61F66196333F300D5E9E9 /* pages.html in Resources */ = {isa = PBXBuildFile; fileRef = 4DE61EC7196333F300D5E9E9 /* pages.html */; };
		4DE61F67196333F300D5E9E9 /* protocol_flurry_ad_delegate-p-members.html in Resources */ = {isa = PBXBuildFile; fileRef = 4DE61EC8196333F300D5E9E9 /* protocol_flurry_ad_delegate-p-members.html */; };
		4DE61F68196333F300D5E9E9 /* protocol_flurry_ad_delegate-p.html in Resources */ = {isa = PBXBuildFile; fileRef = 4DE61EC9196333F300D5E9E9 /* protocol_flurry_ad_delegate-p.html */; };
		4DE61F6A196333F300D5E9E9 /* protocol_flurry_ad_delegate-p.png in Resources */ = {isa = PBXBuildFile; fileRef = 4DE61ECB196333F300D5E9E9 /* protocol_flurry_ad_delegate-p.png */; };
		4DE61F6C196333F300D5E9E9 /* all_5f.html in Resources */ = {isa = PBXBuildFile; fileRef = 4DE61ECE196333F300D5E9E9 /* all_5f.html */; };
		4DE61F6E196333F300D5E9E9 /* all_61.html in Resources */ = {isa = PBXBuildFile; fileRef = 4DE61ED0196333F300D5E9E9 /* all_61.html */; };
		4DE61F70196333F300D5E9E9 /* all_63.html in Resources */ = {isa = PBXBuildFile; fileRef = 4DE61ED2196333F300D5E9E9 /* all_63.html */; };
		4DE61F72196333F300D5E9E9 /* all_64.html in Resources */ = {isa = PBXBuildFile; fileRef = 4DE61ED4196333F300D5E9E9 /* all_64.html */; };
		4DE61F74196333F300D5E9E9 /* all_65.html in Resources */ = {isa = PBXBuildFile; fileRef = 4DE61ED6196333F300D5E9E9 /* all_65.html */; };
		4DE61F76196333F300D5E9E9 /* all_66.html in Resources */ = {isa = PBXBuildFile; fileRef = 4DE61ED8196333F300D5E9E9 /* all_66.html */; };
		4DE61F78196333F300D5E9E9 /* all_67.html in Resources */ = {isa = PBXBuildFile; fileRef = 4DE61EDA196333F300D5E9E9 /* all_67.html */; };
		4DE61F7A196333F300D5E9E9 /* all_69.html in Resources */ = {isa = PBXBuildFile; fileRef = 4DE61EDC196333F300D5E9E9 /* all_69.html */; };
		4DE61F7C196333F300D5E9E9 /* all_6c.html in Resources */ = {isa = PBXBuildFile; fileRef = 4DE61EDE196333F300D5E9E9 /* all_6c.html */; };
		4DE61F7E196333F300D5E9E9 /* all_70.html in Resources */ = {isa = PBXBuildFile; fileRef = 4DE61EE0196333F300D5E9E9 /* all_70.html */; };
		4DE61F80196333F300D5E9E9 /* all_72.html in Resources */ = {isa = PBXBuildFile; fileRef = 4DE61EE2196333F300D5E9E9 /* all_72.html */; };
		4DE61F82196333F300D5E9E9 /* all_73.html in Resources */ = {isa = PBXBuildFile; fileRef = 4DE61EE4196333F300D5E9E9 /* all_73.html */; };
		4DE61F84196333F300D5E9E9 /* all_76.html in Resources */ = {isa = PBXBuildFile; fileRef = 4DE61EE6196333F300D5E9E9 /* all_76.html */; };
		4DE61F86196333F300D5E9E9 /* classes_66.html in Resources */ = {isa = PBXBuildFile; fileRef = 4DE61EE8196333F300D5E9E9 /* classes_66.html */; };
		4DE61F88196333F300D5E9E9 /* close.png in Resources */ = {isa = PBXBuildFile; fileRef = 4DE61EEA196333F300D5E9E9 /* close.png */; };
		4DE61F89196333F300D5E9E9 /* functions_5f.html in Resources */ = {isa = PBXBuildFile; fileRef = 4DE61EEB196333F300D5E9E9 /* functions_5f.html */; };
		4DE61F8B196333F300D5E9E9 /* functions_61.html in Resources */ = {isa = PBXBuildFile; fileRef = 4DE61EED196333F300D5E9E9 /* functions_61.html */; };
		4DE61F8D196333F300D5E9E9 /* functions_63.html in Resources */ = {isa = PBXBuildFile; fileRef = 4DE61EEF196333F300D5E9E9 /* functions_63.html */; };
		4DE61F8F196333F300D5E9E9 /* functions_64.html in Resources */ = {isa = PBXBuildFile; fileRef = 4DE61EF1196333F300D5E9E9 /* functions_64.html */; };
		4DE61F91196333F300D5E9E9 /* functions_65.html in Resources */ = {isa = PBXBuildFile; fileRef = 4DE61EF3196333F300D5E9E9 /* functions_65.html */; };
		4DE61F93196333F300D5E9E9 /* functions_66.html in Resources */ = {isa = PBXBuildFile; fileRef = 4DE61EF5196333F300D5E9E9 /* functions_66.html */; };
		4DE61F95196333F300D5E9E9 /* functions_67.html in Resources */ = {isa = PBXBuildFile; fileRef = 4DE61EF7196333F300D5E9E9 /* functions_67.html */; };
		4DE61F97196333F300D5E9E9 /* functions_69.html in Resources */ = {isa = PBXBuildFile; fileRef = 4DE61EF9196333F300D5E9E9 /* functions_69.html */; };
		4DE61F99196333F300D5E9E9 /* functions_6c.html in Resources */ = {isa = PBXBuildFile; fileRef = 4DE61EFB196333F300D5E9E9 /* functions_6c.html */; };
		4DE61F9B196333F300D5E9E9 /* functions_70.html in Resources */ = {isa = PBXBuildFile; fileRef = 4DE61EFD196333F300D5E9E9 /* functions_70.html */; };
		4DE61F9D196333F300D5E9E9 /* functions_72.html in Resources */ = {isa = PBXBuildFile; fileRef = 4DE61EFF196333F300D5E9E9 /* functions_72.html */; };
		4DE61F9F196333F300D5E9E9 /* functions_73.html in Resources */ = {isa = PBXBuildFile; fileRef = 4DE61F01196333F300D5E9E9 /* functions_73.html */; };
		4DE61FA1196333F300D5E9E9 /* functions_76.html in Resources */ = {isa = PBXBuildFile; fileRef = 4DE61F03196333F300D5E9E9 /* functions_76.html */; };
		4DE61FA3196333F300D5E9E9 /* mag_sel.png in Resources */ = {isa = PBXBuildFile; fileRef = 4DE61F05196333F300D5E9E9 /* mag_sel.png */; };
		4DE61FA4196333F300D5E9E9 /* nomatches.html in Resources */ = {isa = PBXBuildFile; fileRef = 4DE61F06196333F300D5E9E9 /* nomatches.html */; };
		4DE61FA5196333F300D5E9E9 /* pages_64.html in Resources */ = {isa = PBXBuildFile; fileRef = 4DE61F07196333F300D5E9E9 /* pages_64.html */; };
		4DE61FA7196333F300D5E9E9 /* search.css in Resources */ = {isa = PBXBuildFile; fileRef = 4DE61F09196333F300D5E9E9 /* search.css */; };
		4DE61FA9196333F300D5E9E9 /* search_l.png in Resources */ = {isa = PBXBuildFile; fileRef = 4DE61F0B196333F300D5E9E9 /* search_l.png */; };
		4DE61FAA196333F300D5E9E9 /* search_m.png in Resources */ = {isa = PBXBuildFile; fileRef = 4DE61F0C196333F300D5E9E9 /* search_m.png */; };
		4DE61FAB196333F300D5E9E9 /* search_r.png in Resources */ = {isa = PBXBuildFile; fileRef = 4DE61F0D196333F300D5E9E9 /* search_r.png */; };
		4DE61FAC196333F300D5E9E9 /* sync_off.png in Resources */ = {isa = PBXBuildFile; fileRef = 4DE61F0E196333F300D5E9E9 /* sync_off.png */; };
		4DE61FAD196333F300D5E9E9 /* sync_on.png in Resources */ = {isa = PBXBuildFile; fileRef = 4DE61F0F196333F300D5E9E9 /* sync_on.png */; };
		4DE61FAE196333F300D5E9E9 /* tab_a.png in Resources */ = {isa = PBXBuildFile; fileRef = 4DE61F10196333F300D5E9E9 /* tab_a.png */; };
		4DE61FAF196333F300D5E9E9 /* tab_b.png in Resources */ = {isa = PBXBuildFile; fileRef = 4DE61F11196333F300D5E9E9 /* tab_b.png */; };
		4DE61FB0196333F300D5E9E9 /* tab_h.png in Resources */ = {isa = PBXBuildFile; fileRef = 4DE61F12196333F300D5E9E9 /* tab_h.png */; };
		4DE61FB1196333F300D5E9E9 /* tab_s.png in Resources */ = {isa = PBXBuildFile; fileRef = 4DE61F13196333F300D5E9E9 /* tab_s.png */; };
		4DE61FB2196333F300D5E9E9 /* tabs.css in Resources */ = {isa = PBXBuildFile; fileRef = 4DE61F14196333F300D5E9E9 /* tabs.css */; };
		4DE61FB3196333F300D5E9E9 /* Flurry iOS-4.x-Upgrade-README .pdf in Resources */ = {isa = PBXBuildFile; fileRef = 4DE61F15196333F300D5E9E9 /* Flurry iOS-4.x-Upgrade-README .pdf */; };
		4DE61FB4196333F300D5E9E9 /* libFlurryAds_5.1.0.a in Frameworks */ = {isa = PBXBuildFile; fileRef = 4DE61F19196333F300D5E9E9 /* libFlurryAds_5.1.0.a */; };
		4DE61FB5196333F300D5E9E9 /* FlurryiOSAdvertisingREADMEv5.1.0.pdf in Resources */ = {isa = PBXBuildFile; fileRef = 4DE61F1A196333F300D5E9E9 /* FlurryiOSAdvertisingREADMEv5.1.0.pdf */; };
		4DE61FB6196333F300D5E9E9 /* FlurryiOSAnalyticsREADMEv5.1.0.pdf in Resources */ = {isa = PBXBuildFile; fileRef = 4DE61F1B196333F300D5E9E9 /* FlurryiOSAnalyticsREADMEv5.1.0.pdf */; };
		4DE61FB7196333F300D5E9E9 /* FlurryiOSReleaseNotesv5.1.0.pdf in Resources */ = {isa = PBXBuildFile; fileRef = 4DE61F1C196333F300D5E9E9 /* FlurryiOSReleaseNotesv5.1.0.pdf */; };
		4DE61FB8196333F300D5E9E9 /* Avro-LICENSE.txt in Resources */ = {isa = PBXBuildFile; fileRef = 4DE61F1E196333F300D5E9E9 /* Avro-LICENSE.txt */; };
		4DE61FB9196333F300D5E9E9 /* Flurry Analytics Terms of Service.pdf in Resources */ = {isa = PBXBuildFile; fileRef = 4DE61F1F196333F300D5E9E9 /* Flurry Analytics Terms of Service.pdf */; };
		4DE61FBA196333F300D5E9E9 /* Flurry for Advertisers TOS.pdf in Resources */ = {isa = PBXBuildFile; fileRef = 4DE61F20196333F300D5E9E9 /* Flurry for Advertisers TOS.pdf */; };
		4DE61FBB196333F300D5E9E9 /* Flurry for Publishers TOS.pdf in Resources */ = {isa = PBXBuildFile; fileRef = 4DE61F21196333F300D5E9E9 /* Flurry for Publishers TOS.pdf */; };
		4DE61FBC196333F300D5E9E9 /* Flurry RTB Marketplace TOS.pdf in Resources */ = {isa = PBXBuildFile; fileRef = 4DE61F22196333F300D5E9E9 /* Flurry RTB Marketplace TOS.pdf */; };
		4DE61FBD196333F300D5E9E9 /* Flurry-LICENSE.txt in Resources */ = {isa = PBXBuildFile; fileRef = 4DE61F23196333F300D5E9E9 /* Flurry-LICENSE.txt */; };
		4DE61FBE196333F300D5E9E9 /* Hogan.js-LICENSE.txt in Resources */ = {isa = PBXBuildFile; fileRef = 4DE61F24196333F300D5E9E9 /* Hogan.js-LICENSE.txt */; };
		4DE61FBF196333F300D5E9E9 /* Jansson-LICENSE.txt in Resources */ = {isa = PBXBuildFile; fileRef = 4DE61F25196333F300D5E9E9 /* Jansson-LICENSE.txt */; };
		4DE61FC0196333F300D5E9E9 /* PLCrashReporter-LICENSE.rtf in Resources */ = {isa = PBXBuildFile; fileRef = 4DE61F26196333F300D5E9E9 /* PLCrashReporter-LICENSE.rtf */; };
/* End PBXBuildFile section */

/* Begin PBXContainerItemProxy section */
		4D9CBF691902114A00A708D1 /* PBXContainerItemProxy */ = {
			isa = PBXContainerItemProxy;
			containerPortal = 4D9CBF411902114A00A708D1 /* Project object */;
			proxyType = 1;
			remoteGlobalIDString = 4D9CBF481902114A00A708D1;
			remoteInfo = GPACal;
		};
/* End PBXContainerItemProxy section */

/* Begin PBXFileReference section */
		4D42174C1909D724004CA8BE /* Main.storyboard */ = {isa = PBXFileReference; fileEncoding = 4; lastKnownFileType = file.storyboard; path = Main.storyboard; sourceTree = "<group>"; };
		4D5281AA19607AF8007E17A0 /* CoreData.framework */ = {isa = PBXFileReference; lastKnownFileType = wrapper.framework; name = CoreData.framework; path = System/Library/Frameworks/CoreData.framework; sourceTree = SDKROOT; };
		4D6118A219032AF100B2519F /* GPACal_AddGPAItemViewController.h */ = {isa = PBXFileReference; fileEncoding = 4; lastKnownFileType = sourcecode.c.h; path = GPACal_AddGPAItemViewController.h; sourceTree = "<group>"; };
		4D6118A319032AF100B2519F /* GPACal_AddGPAItemViewController.m */ = {isa = PBXFileReference; fileEncoding = 4; lastKnownFileType = sourcecode.c.objc; path = GPACal_AddGPAItemViewController.m; sourceTree = "<group>"; };
		4D6118A519032CBB00B2519F /* GPACal_GPACalcViewController.h */ = {isa = PBXFileReference; fileEncoding = 4; lastKnownFileType = sourcecode.c.h; path = GPACal_GPACalcViewController.h; sourceTree = "<group>"; };
		4D6118A619032CBB00B2519F /* GPACal_GPACalcViewController.m */ = {isa = PBXFileReference; fileEncoding = 4; lastKnownFileType = sourcecode.c.objc; path = GPACal_GPACalcViewController.m; sourceTree = "<group>"; };
		4D6118A81903888800B2519F /* GPACal_GPAItem.h */ = {isa = PBXFileReference; fileEncoding = 4; lastKnownFileType = sourcecode.c.h; path = GPACal_GPAItem.h; sourceTree = "<group>"; };
		4D6118A91903888800B2519F /* GPACal_GPAItem.m */ = {isa = PBXFileReference; fileEncoding = 4; lastKnownFileType = sourcecode.c.objc; path = GPACal_GPAItem.m; sourceTree = "<group>"; };
		4D64AAA31904C51C00AEDE7E /* GPACal_ClassCellTableViewCell.h */ = {isa = PBXFileReference; fileEncoding = 4; lastKnownFileType = sourcecode.c.h; path = GPACal_ClassCellTableViewCell.h; sourceTree = "<group>"; };
		4D64AAA41904C51C00AEDE7E /* GPACal_ClassCellTableViewCell.m */ = {isa = PBXFileReference; fileEncoding = 4; lastKnownFileType = sourcecode.c.objc; path = GPACal_ClassCellTableViewCell.m; sourceTree = "<group>"; };
		4D8D63901AD598CE009F12F1 /* Loading Screen N.png */ = {isa = PBXFileReference; lastKnownFileType = image.png; path = "Loading Screen N.png"; sourceTree = "<group>"; };
		4D8D63921AD598EC009F12F1 /* Launch Screen.xib */ = {isa = PBXFileReference; fileEncoding = 4; lastKnownFileType = file.xib; path = "Launch Screen.xib"; sourceTree = "<group>"; };
		4D9CBF491902114A00A708D1 /* GPACal.app */ = {isa = PBXFileReference; explicitFileType = wrapper.application; includeInIndex = 0; path = GPACal.app; sourceTree = BUILT_PRODUCTS_DIR; };
		4D9CBF4C1902114A00A708D1 /* Foundation.framework */ = {isa = PBXFileReference; lastKnownFileType = wrapper.framework; name = Foundation.framework; path = System/Library/Frameworks/Foundation.framework; sourceTree = SDKROOT; };
		4D9CBF4E1902114A00A708D1 /* CoreGraphics.framework */ = {isa = PBXFileReference; lastKnownFileType = wrapper.framework; name = CoreGraphics.framework; path = System/Library/Frameworks/CoreGraphics.framework; sourceTree = SDKROOT; };
		4D9CBF501902114A00A708D1 /* UIKit.framework */ = {isa = PBXFileReference; lastKnownFileType = wrapper.framework; name = UIKit.framework; path = System/Library/Frameworks/UIKit.framework; sourceTree = SDKROOT; };
		4D9CBF541902114A00A708D1 /* GPACal-Info.plist */ = {isa = PBXFileReference; lastKnownFileType = text.plist.xml; path = "GPACal-Info.plist"; sourceTree = "<group>"; };
		4D9CBF561902114A00A708D1 /* en */ = {isa = PBXFileReference; lastKnownFileType = text.plist.strings; name = en; path = en.lproj/InfoPlist.strings; sourceTree = "<group>"; };
		4D9CBF581902114A00A708D1 /* main.m */ = {isa = PBXFileReference; lastKnownFileType = sourcecode.c.objc; path = main.m; sourceTree = "<group>"; };
		4D9CBF5A1902114A00A708D1 /* GPACal-Prefix.pch */ = {isa = PBXFileReference; lastKnownFileType = sourcecode.c.h; path = "GPACal-Prefix.pch"; sourceTree = "<group>"; };
		4D9CBF5B1902114A00A708D1 /* GPACal_AppDelegate.h */ = {isa = PBXFileReference; lastKnownFileType = sourcecode.c.h; path = GPACal_AppDelegate.h; sourceTree = "<group>"; };
		4D9CBF5C1902114A00A708D1 /* GPACal_AppDelegate.m */ = {isa = PBXFileReference; lastKnownFileType = sourcecode.c.objc; path = GPACal_AppDelegate.m; sourceTree = "<group>"; };
		4D9CBF5E1902114A00A708D1 /* Images.xcassets */ = {isa = PBXFileReference; lastKnownFileType = folder.assetcatalog; path = Images.xcassets; sourceTree = "<group>"; };
		4D9CBF641902114A00A708D1 /* GPACalTests.xctest */ = {isa = PBXFileReference; explicitFileType = wrapper.cfbundle; includeInIndex = 0; path = GPACalTests.xctest; sourceTree = BUILT_PRODUCTS_DIR; };
		4D9CBF651902114A00A708D1 /* XCTest.framework */ = {isa = PBXFileReference; lastKnownFileType = wrapper.framework; name = XCTest.framework; path = Library/Frameworks/XCTest.framework; sourceTree = DEVELOPER_DIR; };
		4D9CBF6D1902114A00A708D1 /* GPACalTests-Info.plist */ = {isa = PBXFileReference; lastKnownFileType = text.plist.xml; path = "GPACalTests-Info.plist"; sourceTree = "<group>"; };
		4D9CBF6F1902114A00A708D1 /* en */ = {isa = PBXFileReference; lastKnownFileType = text.plist.strings; name = en; path = en.lproj/InfoPlist.strings; sourceTree = "<group>"; };
		4D9CBF711902114A00A708D1 /* GPACalTests.m */ = {isa = PBXFileReference; lastKnownFileType = sourcecode.c.objc; path = GPACalTests.m; sourceTree = "<group>"; };
		4DE5B320195FD88700125748 /* SystemConfiguration.framework */ = {isa = PBXFileReference; lastKnownFileType = wrapper.framework; name = SystemConfiguration.framework; path = System/Library/Frameworks/SystemConfiguration.framework; sourceTree = SDKROOT; };
		4DE61D44196332E100D5E9E9 /* Keys.plist */ = {isa = PBXFileReference; fileEncoding = 4; lastKnownFileType = text.plist.xml; path = Keys.plist; sourceTree = "<group>"; };
		4DE61E87196333F300D5E9E9 /* Flurry.h */ = {isa = PBXFileReference; fileEncoding = 4; lastKnownFileType = sourcecode.c.h; path = Flurry.h; sourceTree = "<group>"; };
		4DE61E88196333F300D5E9E9 /* libFlurry_5.1.0.a */ = {isa = PBXFileReference; lastKnownFileType = archive.ar; path = libFlurry_5.1.0.a; sourceTree = "<group>"; };
		4DE61E8A196333F300D5E9E9 /* _flurry_8h_source.html */ = {isa = PBXFileReference; fileEncoding = 4; lastKnownFileType = text.html; path = _flurry_8h_source.html; sourceTree = "<group>"; };
		4DE61E8B196333F300D5E9E9 /* _flurry_ad_delegate_8h_source.html */ = {isa = PBXFileReference; fileEncoding = 4; lastKnownFileType = text.html; path = _flurry_ad_delegate_8h_source.html; sourceTree = "<group>"; };
		4DE61E8C196333F300D5E9E9 /* _flurry_ads_8h_source.html */ = {isa = PBXFileReference; fileEncoding = 4; lastKnownFileType = text.html; path = _flurry_ads_8h_source.html; sourceTree = "<group>"; };
		4DE61E8D196333F300D5E9E9 /* annotated.html */ = {isa = PBXFileReference; fileEncoding = 4; lastKnownFileType = text.html; path = annotated.html; sourceTree = "<group>"; };
		4DE61E8E196333F300D5E9E9 /* annotated.js */ = {isa = PBXFileReference; fileEncoding = 4; lastKnownFileType = sourcecode.javascript; path = annotated.js; sourceTree = "<group>"; };
		4DE61E8F196333F300D5E9E9 /* bc_s.png */ = {isa = PBXFileReference; lastKnownFileType = image.png; path = bc_s.png; sourceTree = "<group>"; };
		4DE61E90196333F300D5E9E9 /* bdwn.png */ = {isa = PBXFileReference; lastKnownFileType = image.png; path = bdwn.png; sourceTree = "<group>"; };
		4DE61E91196333F300D5E9E9 /* class_flurry-members.html */ = {isa = PBXFileReference; fileEncoding = 4; lastKnownFileType = text.html; path = "class_flurry-members.html"; sourceTree = "<group>"; };
		4DE61E92196333F300D5E9E9 /* class_flurry_ads-members.html */ = {isa = PBXFileReference; fileEncoding = 4; lastKnownFileType = text.html; path = "class_flurry_ads-members.html"; sourceTree = "<group>"; };
		4DE61E93196333F300D5E9E9 /* classes.html */ = {isa = PBXFileReference; fileEncoding = 4; lastKnownFileType = text.html; path = classes.html; sourceTree = "<group>"; };
		4DE61E94196333F300D5E9E9 /* closed.png */ = {isa = PBXFileReference; lastKnownFileType = image.png; path = closed.png; sourceTree = "<group>"; };
		4DE61E95196333F300D5E9E9 /* deprecated.html */ = {isa = PBXFileReference; fileEncoding = 4; lastKnownFileType = text.html; path = deprecated.html; sourceTree = "<group>"; };
		4DE61E96196333F300D5E9E9 /* dir_191bbc312b17524397d6a9dc5f56d69f.html */ = {isa = PBXFileReference; fileEncoding = 4; lastKnownFileType = text.html; path = dir_191bbc312b17524397d6a9dc5f56d69f.html; sourceTree = "<group>"; };
		4DE61E97196333F300D5E9E9 /* dir_191bbc312b17524397d6a9dc5f56d69f.js */ = {isa = PBXFileReference; fileEncoding = 4; lastKnownFileType = sourcecode.javascript; path = dir_191bbc312b17524397d6a9dc5f56d69f.js; sourceTree = "<group>"; };
		4DE61E98196333F300D5E9E9 /* dir_7108d0b5350daf9d6eeb299d7f091929.html */ = {isa = PBXFileReference; fileEncoding = 4; lastKnownFileType = text.html; path = dir_7108d0b5350daf9d6eeb299d7f091929.html; sourceTree = "<group>"; };
		4DE61E99196333F300D5E9E9 /* dir_7108d0b5350daf9d6eeb299d7f091929.js */ = {isa = PBXFileReference; fileEncoding = 4; lastKnownFileType = sourcecode.javascript; path = dir_7108d0b5350daf9d6eeb299d7f091929.js; sourceTree = "<group>"; };
		4DE61E9A196333F300D5E9E9 /* dir_befff70f4aff068090eb45949a2e3fc4.html */ = {isa = PBXFileReference; fileEncoding = 4; lastKnownFileType = text.html; path = dir_befff70f4aff068090eb45949a2e3fc4.html; sourceTree = "<group>"; };
		4DE61E9B196333F300D5E9E9 /* dir_befff70f4aff068090eb45949a2e3fc4.js */ = {isa = PBXFileReference; fileEncoding = 4; lastKnownFileType = sourcecode.javascript; path = dir_befff70f4aff068090eb45949a2e3fc4.js; sourceTree = "<group>"; };
		4DE61E9C196333F300D5E9E9 /* dir_c8abc2155ac66564b519f37a4975a92c.html */ = {isa = PBXFileReference; fileEncoding = 4; lastKnownFileType = text.html; path = dir_c8abc2155ac66564b519f37a4975a92c.html; sourceTree = "<group>"; };
		4DE61E9D196333F300D5E9E9 /* dir_c8abc2155ac66564b519f37a4975a92c.js */ = {isa = PBXFileReference; fileEncoding = 4; lastKnownFileType = sourcecode.javascript; path = dir_c8abc2155ac66564b519f37a4975a92c.js; sourceTree = "<group>"; };
		4DE61E9E196333F300D5E9E9 /* dir_f396504afdc959660871b003fa10164d.html */ = {isa = PBXFileReference; fileEncoding = 4; lastKnownFileType = text.html; path = dir_f396504afdc959660871b003fa10164d.html; sourceTree = "<group>"; };
		4DE61E9F196333F300D5E9E9 /* dir_f396504afdc959660871b003fa10164d.js */ = {isa = PBXFileReference; fileEncoding = 4; lastKnownFileType = sourcecode.javascript; path = dir_f396504afdc959660871b003fa10164d.js; sourceTree = "<group>"; };
		4DE61EA0196333F300D5E9E9 /* doxygen.css */ = {isa = PBXFileReference; fileEncoding = 4; lastKnownFileType = text.css; path = doxygen.css; sourceTree = "<group>"; };
		4DE61EA1196333F300D5E9E9 /* doxygen.png */ = {isa = PBXFileReference; lastKnownFileType = image.png; path = doxygen.png; sourceTree = "<group>"; };
		4DE61EA2196333F300D5E9E9 /* dynsections.js */ = {isa = PBXFileReference; fileEncoding = 4; lastKnownFileType = sourcecode.javascript; path = dynsections.js; sourceTree = "<group>"; };
		4DE61EA3196333F300D5E9E9 /* files.html */ = {isa = PBXFileReference; fileEncoding = 4; lastKnownFileType = text.html; path = files.html; sourceTree = "<group>"; };
		4DE61EA4196333F300D5E9E9 /* files.js */ = {isa = PBXFileReference; fileEncoding = 4; lastKnownFileType = sourcecode.javascript; path = files.js; sourceTree = "<group>"; };
		4DE61EA5196333F300D5E9E9 /* flurry_logo.png */ = {isa = PBXFileReference; lastKnownFileType = image.png; path = flurry_logo.png; sourceTree = "<group>"; };
		4DE61EA6196333F300D5E9E9 /* ftv2blank.png */ = {isa = PBXFileReference; lastKnownFileType = image.png; path = ftv2blank.png; sourceTree = "<group>"; };
		4DE61EA7196333F300D5E9E9 /* ftv2cl.png */ = {isa = PBXFileReference; lastKnownFileType = image.png; path = ftv2cl.png; sourceTree = "<group>"; };
		4DE61EA8196333F300D5E9E9 /* ftv2doc.png */ = {isa = PBXFileReference; lastKnownFileType = image.png; path = ftv2doc.png; sourceTree = "<group>"; };
		4DE61EA9196333F300D5E9E9 /* ftv2folderclosed.png */ = {isa = PBXFileReference; lastKnownFileType = image.png; path = ftv2folderclosed.png; sourceTree = "<group>"; };
		4DE61EAA196333F300D5E9E9 /* ftv2folderopen.png */ = {isa = PBXFileReference; lastKnownFileType = image.png; path = ftv2folderopen.png; sourceTree = "<group>"; };
		4DE61EAB196333F300D5E9E9 /* ftv2lastnode.png */ = {isa = PBXFileReference; lastKnownFileType = image.png; path = ftv2lastnode.png; sourceTree = "<group>"; };
		4DE61EAC196333F300D5E9E9 /* ftv2link.png */ = {isa = PBXFileReference; lastKnownFileType = image.png; path = ftv2link.png; sourceTree = "<group>"; };
		4DE61EAD196333F300D5E9E9 /* ftv2mlastnode.png */ = {isa = PBXFileReference; lastKnownFileType = image.png; path = ftv2mlastnode.png; sourceTree = "<group>"; };
		4DE61EAE196333F300D5E9E9 /* ftv2mnode.png */ = {isa = PBXFileReference; lastKnownFileType = image.png; path = ftv2mnode.png; sourceTree = "<group>"; };
		4DE61EAF196333F300D5E9E9 /* ftv2mo.png */ = {isa = PBXFileReference; lastKnownFileType = image.png; path = ftv2mo.png; sourceTree = "<group>"; };
		4DE61EB0196333F300D5E9E9 /* ftv2node.png */ = {isa = PBXFileReference; lastKnownFileType = image.png; path = ftv2node.png; sourceTree = "<group>"; };
		4DE61EB1196333F300D5E9E9 /* ftv2ns.png */ = {isa = PBXFileReference; lastKnownFileType = image.png; path = ftv2ns.png; sourceTree = "<group>"; };
		4DE61EB2196333F300D5E9E9 /* ftv2plastnode.png */ = {isa = PBXFileReference; lastKnownFileType = image.png; path = ftv2plastnode.png; sourceTree = "<group>"; };
		4DE61EB3196333F300D5E9E9 /* ftv2pnode.png */ = {isa = PBXFileReference; lastKnownFileType = image.png; path = ftv2pnode.png; sourceTree = "<group>"; };
		4DE61EB4196333F300D5E9E9 /* ftv2splitbar.png */ = {isa = PBXFileReference; lastKnownFileType = image.png; path = ftv2splitbar.png; sourceTree = "<group>"; };
		4DE61EB5196333F300D5E9E9 /* ftv2vertline.png */ = {isa = PBXFileReference; lastKnownFileType = image.png; path = ftv2vertline.png; sourceTree = "<group>"; };
		4DE61EB6196333F300D5E9E9 /* functions.html */ = {isa = PBXFileReference; fileEncoding = 4; lastKnownFileType = text.html; path = functions.html; sourceTree = "<group>"; };
		4DE61EB7196333F300D5E9E9 /* functions_func.html */ = {isa = PBXFileReference; fileEncoding = 4; lastKnownFileType = text.html; path = functions_func.html; sourceTree = "<group>"; };
		4DE61EB8196333F300D5E9E9 /* hierarchy.html */ = {isa = PBXFileReference; fileEncoding = 4; lastKnownFileType = text.html; path = hierarchy.html; sourceTree = "<group>"; };
		4DE61EB9196333F300D5E9E9 /* hierarchy.js */ = {isa = PBXFileReference; fileEncoding = 4; lastKnownFileType = sourcecode.javascript; path = hierarchy.js; sourceTree = "<group>"; };
		4DE61EBA196333F300D5E9E9 /* index.html */ = {isa = PBXFileReference; fileEncoding = 4; lastKnownFileType = text.html; path = index.html; sourceTree = "<group>"; };
		4DE61EBB196333F300D5E9E9 /* interface_flurry.html */ = {isa = PBXFileReference; fileEncoding = 4; lastKnownFileType = text.html; path = interface_flurry.html; sourceTree = "<group>"; };
		4DE61EBC196333F300D5E9E9 /* interface_flurry.png */ = {isa = PBXFileReference; lastKnownFileType = image.png; path = interface_flurry.png; sourceTree = "<group>"; };
		4DE61EBD196333F300D5E9E9 /* interface_flurry_ads.html */ = {isa = PBXFileReference; fileEncoding = 4; lastKnownFileType = text.html; path = interface_flurry_ads.html; sourceTree = "<group>"; };
		4DE61EBE196333F300D5E9E9 /* interface_flurry_ads.png */ = {isa = PBXFileReference; lastKnownFileType = image.png; path = interface_flurry_ads.png; sourceTree = "<group>"; };
		4DE61EBF196333F300D5E9E9 /* jquery.js */ = {isa = PBXFileReference; fileEncoding = 4; lastKnownFileType = sourcecode.javascript; path = jquery.js; sourceTree = "<group>"; };
		4DE61EC0196333F300D5E9E9 /* nav_f.png */ = {isa = PBXFileReference; lastKnownFileType = image.png; path = nav_f.png; sourceTree = "<group>"; };
		4DE61EC1196333F300D5E9E9 /* nav_g.png */ = {isa = PBXFileReference; lastKnownFileType = image.png; path = nav_g.png; sourceTree = "<group>"; };
		4DE61EC2196333F300D5E9E9 /* nav_h.png */ = {isa = PBXFileReference; lastKnownFileType = image.png; path = nav_h.png; sourceTree = "<group>"; };
		4DE61EC3196333F300D5E9E9 /* navtree.css */ = {isa = PBXFileReference; fileEncoding = 4; lastKnownFileType = text.css; path = navtree.css; sourceTree = "<group>"; };
		4DE61EC4196333F300D5E9E9 /* navtree.js */ = {isa = PBXFileReference; fileEncoding = 4; lastKnownFileType = sourcecode.javascript; path = navtree.js; sourceTree = "<group>"; };
		4DE61EC5196333F300D5E9E9 /* navtreeindex0.js */ = {isa = PBXFileReference; fileEncoding = 4; lastKnownFileType = sourcecode.javascript; path = navtreeindex0.js; sourceTree = "<group>"; };
		4DE61EC6196333F300D5E9E9 /* open.png */ = {isa = PBXFileReference; lastKnownFileType = image.png; path = open.png; sourceTree = "<group>"; };
		4DE61EC7196333F300D5E9E9 /* pages.html */ = {isa = PBXFileReference; fileEncoding = 4; lastKnownFileType = text.html; path = pages.html; sourceTree = "<group>"; };
		4DE61EC8196333F300D5E9E9 /* protocol_flurry_ad_delegate-p-members.html */ = {isa = PBXFileReference; fileEncoding = 4; lastKnownFileType = text.html; path = "protocol_flurry_ad_delegate-p-members.html"; sourceTree = "<group>"; };
		4DE61EC9196333F300D5E9E9 /* protocol_flurry_ad_delegate-p.html */ = {isa = PBXFileReference; fileEncoding = 4; lastKnownFileType = text.html; path = "protocol_flurry_ad_delegate-p.html"; sourceTree = "<group>"; };
		4DE61ECA196333F300D5E9E9 /* protocol_flurry_ad_delegate-p.js */ = {isa = PBXFileReference; fileEncoding = 4; lastKnownFileType = sourcecode.javascript; path = "protocol_flurry_ad_delegate-p.js"; sourceTree = "<group>"; };
		4DE61ECB196333F300D5E9E9 /* protocol_flurry_ad_delegate-p.png */ = {isa = PBXFileReference; lastKnownFileType = image.png; path = "protocol_flurry_ad_delegate-p.png"; sourceTree = "<group>"; };
		4DE61ECC196333F300D5E9E9 /* resize.js */ = {isa = PBXFileReference; fileEncoding = 4; lastKnownFileType = sourcecode.javascript; path = resize.js; sourceTree = "<group>"; };
		4DE61ECE196333F300D5E9E9 /* all_5f.html */ = {isa = PBXFileReference; fileEncoding = 4; lastKnownFileType = text.html; path = all_5f.html; sourceTree = "<group>"; };
		4DE61ECF196333F300D5E9E9 /* all_5f.js */ = {isa = PBXFileReference; fileEncoding = 4; lastKnownFileType = sourcecode.javascript; path = all_5f.js; sourceTree = "<group>"; };
		4DE61ED0196333F300D5E9E9 /* all_61.html */ = {isa = PBXFileReference; fileEncoding = 4; lastKnownFileType = text.html; path = all_61.html; sourceTree = "<group>"; };
		4DE61ED1196333F300D5E9E9 /* all_61.js */ = {isa = PBXFileReference; fileEncoding = 4; lastKnownFileType = sourcecode.javascript; path = all_61.js; sourceTree = "<group>"; };
		4DE61ED2196333F300D5E9E9 /* all_63.html */ = {isa = PBXFileReference; fileEncoding = 4; lastKnownFileType = text.html; path = all_63.html; sourceTree = "<group>"; };
		4DE61ED3196333F300D5E9E9 /* all_63.js */ = {isa = PBXFileReference; fileEncoding = 4; lastKnownFileType = sourcecode.javascript; path = all_63.js; sourceTree = "<group>"; };
		4DE61ED4196333F300D5E9E9 /* all_64.html */ = {isa = PBXFileReference; fileEncoding = 4; lastKnownFileType = text.html; path = all_64.html; sourceTree = "<group>"; };
		4DE61ED5196333F300D5E9E9 /* all_64.js */ = {isa = PBXFileReference; fileEncoding = 4; lastKnownFileType = sourcecode.javascript; path = all_64.js; sourceTree = "<group>"; };
		4DE61ED6196333F300D5E9E9 /* all_65.html */ = {isa = PBXFileReference; fileEncoding = 4; lastKnownFileType = text.html; path = all_65.html; sourceTree = "<group>"; };
		4DE61ED7196333F300D5E9E9 /* all_65.js */ = {isa = PBXFileReference; fileEncoding = 4; lastKnownFileType = sourcecode.javascript; path = all_65.js; sourceTree = "<group>"; };
		4DE61ED8196333F300D5E9E9 /* all_66.html */ = {isa = PBXFileReference; fileEncoding = 4; lastKnownFileType = text.html; path = all_66.html; sourceTree = "<group>"; };
		4DE61ED9196333F300D5E9E9 /* all_66.js */ = {isa = PBXFileReference; fileEncoding = 4; lastKnownFileType = sourcecode.javascript; path = all_66.js; sourceTree = "<group>"; };
		4DE61EDA196333F300D5E9E9 /* all_67.html */ = {isa = PBXFileReference; fileEncoding = 4; lastKnownFileType = text.html; path = all_67.html; sourceTree = "<group>"; };
		4DE61EDB196333F300D5E9E9 /* all_67.js */ = {isa = PBXFileReference; fileEncoding = 4; lastKnownFileType = sourcecode.javascript; path = all_67.js; sourceTree = "<group>"; };
		4DE61EDC196333F300D5E9E9 /* all_69.html */ = {isa = PBXFileReference; fileEncoding = 4; lastKnownFileType = text.html; path = all_69.html; sourceTree = "<group>"; };
		4DE61EDD196333F300D5E9E9 /* all_69.js */ = {isa = PBXFileReference; fileEncoding = 4; lastKnownFileType = sourcecode.javascript; path = all_69.js; sourceTree = "<group>"; };
		4DE61EDE196333F300D5E9E9 /* all_6c.html */ = {isa = PBXFileReference; fileEncoding = 4; lastKnownFileType = text.html; path = all_6c.html; sourceTree = "<group>"; };
		4DE61EDF196333F300D5E9E9 /* all_6c.js */ = {isa = PBXFileReference; fileEncoding = 4; lastKnownFileType = sourcecode.javascript; path = all_6c.js; sourceTree = "<group>"; };
		4DE61EE0196333F300D5E9E9 /* all_70.html */ = {isa = PBXFileReference; fileEncoding = 4; lastKnownFileType = text.html; path = all_70.html; sourceTree = "<group>"; };
		4DE61EE1196333F300D5E9E9 /* all_70.js */ = {isa = PBXFileReference; fileEncoding = 4; lastKnownFileType = sourcecode.javascript; path = all_70.js; sourceTree = "<group>"; };
		4DE61EE2196333F300D5E9E9 /* all_72.html */ = {isa = PBXFileReference; fileEncoding = 4; lastKnownFileType = text.html; path = all_72.html; sourceTree = "<group>"; };
		4DE61EE3196333F300D5E9E9 /* all_72.js */ = {isa = PBXFileReference; fileEncoding = 4; lastKnownFileType = sourcecode.javascript; path = all_72.js; sourceTree = "<group>"; };
		4DE61EE4196333F300D5E9E9 /* all_73.html */ = {isa = PBXFileReference; fileEncoding = 4; lastKnownFileType = text.html; path = all_73.html; sourceTree = "<group>"; };
		4DE61EE5196333F300D5E9E9 /* all_73.js */ = {isa = PBXFileReference; fileEncoding = 4; lastKnownFileType = sourcecode.javascript; path = all_73.js; sourceTree = "<group>"; };
		4DE61EE6196333F300D5E9E9 /* all_76.html */ = {isa = PBXFileReference; fileEncoding = 4; lastKnownFileType = text.html; path = all_76.html; sourceTree = "<group>"; };
		4DE61EE7196333F300D5E9E9 /* all_76.js */ = {isa = PBXFileReference; fileEncoding = 4; lastKnownFileType = sourcecode.javascript; path = all_76.js; sourceTree = "<group>"; };
		4DE61EE8196333F300D5E9E9 /* classes_66.html */ = {isa = PBXFileReference; fileEncoding = 4; lastKnownFileType = text.html; path = classes_66.html; sourceTree = "<group>"; };
		4DE61EE9196333F300D5E9E9 /* classes_66.js */ = {isa = PBXFileReference; fileEncoding = 4; lastKnownFileType = sourcecode.javascript; path = classes_66.js; sourceTree = "<group>"; };
		4DE61EEA196333F300D5E9E9 /* close.png */ = {isa = PBXFileReference; lastKnownFileType = image.png; path = close.png; sourceTree = "<group>"; };
		4DE61EEB196333F300D5E9E9 /* functions_5f.html */ = {isa = PBXFileReference; fileEncoding = 4; lastKnownFileType = text.html; path = functions_5f.html; sourceTree = "<group>"; };
		4DE61EEC196333F300D5E9E9 /* functions_5f.js */ = {isa = PBXFileReference; fileEncoding = 4; lastKnownFileType = sourcecode.javascript; path = functions_5f.js; sourceTree = "<group>"; };
		4DE61EED196333F300D5E9E9 /* functions_61.html */ = {isa = PBXFileReference; fileEncoding = 4; lastKnownFileType = text.html; path = functions_61.html; sourceTree = "<group>"; };
		4DE61EEE196333F300D5E9E9 /* functions_61.js */ = {isa = PBXFileReference; fileEncoding = 4; lastKnownFileType = sourcecode.javascript; path = functions_61.js; sourceTree = "<group>"; };
		4DE61EEF196333F300D5E9E9 /* functions_63.html */ = {isa = PBXFileReference; fileEncoding = 4; lastKnownFileType = text.html; path = functions_63.html; sourceTree = "<group>"; };
		4DE61EF0196333F300D5E9E9 /* functions_63.js */ = {isa = PBXFileReference; fileEncoding = 4; lastKnownFileType = sourcecode.javascript; path = functions_63.js; sourceTree = "<group>"; };
		4DE61EF1196333F300D5E9E9 /* functions_64.html */ = {isa = PBXFileReference; fileEncoding = 4; lastKnownFileType = text.html; path = functions_64.html; sourceTree = "<group>"; };
		4DE61EF2196333F300D5E9E9 /* functions_64.js */ = {isa = PBXFileReference; fileEncoding = 4; lastKnownFileType = sourcecode.javascript; path = functions_64.js; sourceTree = "<group>"; };
		4DE61EF3196333F300D5E9E9 /* functions_65.html */ = {isa = PBXFileReference; fileEncoding = 4; lastKnownFileType = text.html; path = functions_65.html; sourceTree = "<group>"; };
		4DE61EF4196333F300D5E9E9 /* functions_65.js */ = {isa = PBXFileReference; fileEncoding = 4; lastKnownFileType = sourcecode.javascript; path = functions_65.js; sourceTree = "<group>"; };
		4DE61EF5196333F300D5E9E9 /* functions_66.html */ = {isa = PBXFileReference; fileEncoding = 4; lastKnownFileType = text.html; path = functions_66.html; sourceTree = "<group>"; };
		4DE61EF6196333F300D5E9E9 /* functions_66.js */ = {isa = PBXFileReference; fileEncoding = 4; lastKnownFileType = sourcecode.javascript; path = functions_66.js; sourceTree = "<group>"; };
		4DE61EF7196333F300D5E9E9 /* functions_67.html */ = {isa = PBXFileReference; fileEncoding = 4; lastKnownFileType = text.html; path = functions_67.html; sourceTree = "<group>"; };
		4DE61EF8196333F300D5E9E9 /* functions_67.js */ = {isa = PBXFileReference; fileEncoding = 4; lastKnownFileType = sourcecode.javascript; path = functions_67.js; sourceTree = "<group>"; };
		4DE61EF9196333F300D5E9E9 /* functions_69.html */ = {isa = PBXFileReference; fileEncoding = 4; lastKnownFileType = text.html; path = functions_69.html; sourceTree = "<group>"; };
		4DE61EFA196333F300D5E9E9 /* functions_69.js */ = {isa = PBXFileReference; fileEncoding = 4; lastKnownFileType = sourcecode.javascript; path = functions_69.js; sourceTree = "<group>"; };
		4DE61EFB196333F300D5E9E9 /* functions_6c.html */ = {isa = PBXFileReference; fileEncoding = 4; lastKnownFileType = text.html; path = functions_6c.html; sourceTree = "<group>"; };
		4DE61EFC196333F300D5E9E9 /* functions_6c.js */ = {isa = PBXFileReference; fileEncoding = 4; lastKnownFileType = sourcecode.javascript; path = functions_6c.js; sourceTree = "<group>"; };
		4DE61EFD196333F300D5E9E9 /* functions_70.html */ = {isa = PBXFileReference; fileEncoding = 4; lastKnownFileType = text.html; path = functions_70.html; sourceTree = "<group>"; };
		4DE61EFE196333F300D5E9E9 /* functions_70.js */ = {isa = PBXFileReference; fileEncoding = 4; lastKnownFileType = sourcecode.javascript; path = functions_70.js; sourceTree = "<group>"; };
		4DE61EFF196333F300D5E9E9 /* functions_72.html */ = {isa = PBXFileReference; fileEncoding = 4; lastKnownFileType = text.html; path = functions_72.html; sourceTree = "<group>"; };
		4DE61F00196333F300D5E9E9 /* functions_72.js */ = {isa = PBXFileReference; fileEncoding = 4; lastKnownFileType = sourcecode.javascript; path = functions_72.js; sourceTree = "<group>"; };
		4DE61F01196333F300D5E9E9 /* functions_73.html */ = {isa = PBXFileReference; fileEncoding = 4; lastKnownFileType = text.html; path = functions_73.html; sourceTree = "<group>"; };
		4DE61F02196333F300D5E9E9 /* functions_73.js */ = {isa = PBXFileReference; fileEncoding = 4; lastKnownFileType = sourcecode.javascript; path = functions_73.js; sourceTree = "<group>"; };
		4DE61F03196333F300D5E9E9 /* functions_76.html */ = {isa = PBXFileReference; fileEncoding = 4; lastKnownFileType = text.html; path = functions_76.html; sourceTree = "<group>"; };
		4DE61F04196333F300D5E9E9 /* functions_76.js */ = {isa = PBXFileReference; fileEncoding = 4; lastKnownFileType = sourcecode.javascript; path = functions_76.js; sourceTree = "<group>"; };
		4DE61F05196333F300D5E9E9 /* mag_sel.png */ = {isa = PBXFileReference; lastKnownFileType = image.png; path = mag_sel.png; sourceTree = "<group>"; };
		4DE61F06196333F300D5E9E9 /* nomatches.html */ = {isa = PBXFileReference; fileEncoding = 4; lastKnownFileType = text.html; path = nomatches.html; sourceTree = "<group>"; };
		4DE61F07196333F300D5E9E9 /* pages_64.html */ = {isa = PBXFileReference; fileEncoding = 4; lastKnownFileType = text.html; path = pages_64.html; sourceTree = "<group>"; };
		4DE61F08196333F300D5E9E9 /* pages_64.js */ = {isa = PBXFileReference; fileEncoding = 4; lastKnownFileType = sourcecode.javascript; path = pages_64.js; sourceTree = "<group>"; };
		4DE61F09196333F300D5E9E9 /* search.css */ = {isa = PBXFileReference; fileEncoding = 4; lastKnownFileType = text.css; path = search.css; sourceTree = "<group>"; };
		4DE61F0A196333F300D5E9E9 /* search.js */ = {isa = PBXFileReference; fileEncoding = 4; lastKnownFileType = sourcecode.javascript; path = search.js; sourceTree = "<group>"; };
		4DE61F0B196333F300D5E9E9 /* search_l.png */ = {isa = PBXFileReference; lastKnownFileType = image.png; path = search_l.png; sourceTree = "<group>"; };
		4DE61F0C196333F300D5E9E9 /* search_m.png */ = {isa = PBXFileReference; lastKnownFileType = image.png; path = search_m.png; sourceTree = "<group>"; };
		4DE61F0D196333F300D5E9E9 /* search_r.png */ = {isa = PBXFileReference; lastKnownFileType = image.png; path = search_r.png; sourceTree = "<group>"; };
		4DE61F0E196333F300D5E9E9 /* sync_off.png */ = {isa = PBXFileReference; lastKnownFileType = image.png; path = sync_off.png; sourceTree = "<group>"; };
		4DE61F0F196333F300D5E9E9 /* sync_on.png */ = {isa = PBXFileReference; lastKnownFileType = image.png; path = sync_on.png; sourceTree = "<group>"; };
		4DE61F10196333F300D5E9E9 /* tab_a.png */ = {isa = PBXFileReference; lastKnownFileType = image.png; path = tab_a.png; sourceTree = "<group>"; };
		4DE61F11196333F300D5E9E9 /* tab_b.png */ = {isa = PBXFileReference; lastKnownFileType = image.png; path = tab_b.png; sourceTree = "<group>"; };
		4DE61F12196333F300D5E9E9 /* tab_h.png */ = {isa = PBXFileReference; lastKnownFileType = image.png; path = tab_h.png; sourceTree = "<group>"; };
		4DE61F13196333F300D5E9E9 /* tab_s.png */ = {isa = PBXFileReference; lastKnownFileType = image.png; path = tab_s.png; sourceTree = "<group>"; };
		4DE61F14196333F300D5E9E9 /* tabs.css */ = {isa = PBXFileReference; fileEncoding = 4; lastKnownFileType = text.css; path = tabs.css; sourceTree = "<group>"; };
		4DE61F15196333F300D5E9E9 /* Flurry iOS-4.x-Upgrade-README .pdf */ = {isa = PBXFileReference; lastKnownFileType = image.pdf; path = "Flurry iOS-4.x-Upgrade-README .pdf"; sourceTree = "<group>"; };
		4DE61F17196333F300D5E9E9 /* FlurryAdDelegate.h */ = {isa = PBXFileReference; fileEncoding = 4; lastKnownFileType = sourcecode.c.h; path = FlurryAdDelegate.h; sourceTree = "<group>"; };
		4DE61F18196333F300D5E9E9 /* FlurryAds.h */ = {isa = PBXFileReference; fileEncoding = 4; lastKnownFileType = sourcecode.c.h; path = FlurryAds.h; sourceTree = "<group>"; };
		4DE61F19196333F300D5E9E9 /* libFlurryAds_5.1.0.a */ = {isa = PBXFileReference; lastKnownFileType = archive.ar; path = libFlurryAds_5.1.0.a; sourceTree = "<group>"; };
		4DE61F1A196333F300D5E9E9 /* FlurryiOSAdvertisingREADMEv5.1.0.pdf */ = {isa = PBXFileReference; lastKnownFileType = image.pdf; path = FlurryiOSAdvertisingREADMEv5.1.0.pdf; sourceTree = "<group>"; };
		4DE61F1B196333F300D5E9E9 /* FlurryiOSAnalyticsREADMEv5.1.0.pdf */ = {isa = PBXFileReference; lastKnownFileType = image.pdf; path = FlurryiOSAnalyticsREADMEv5.1.0.pdf; sourceTree = "<group>"; };
		4DE61F1C196333F300D5E9E9 /* FlurryiOSReleaseNotesv5.1.0.pdf */ = {isa = PBXFileReference; lastKnownFileType = image.pdf; path = FlurryiOSReleaseNotesv5.1.0.pdf; sourceTree = "<group>"; };
		4DE61F1E196333F300D5E9E9 /* Avro-LICENSE.txt */ = {isa = PBXFileReference; fileEncoding = 4; lastKnownFileType = text; path = "Avro-LICENSE.txt"; sourceTree = "<group>"; };
		4DE61F1F196333F300D5E9E9 /* Flurry Analytics Terms of Service.pdf */ = {isa = PBXFileReference; lastKnownFileType = image.pdf; path = "Flurry Analytics Terms of Service.pdf"; sourceTree = "<group>"; };
		4DE61F20196333F300D5E9E9 /* Flurry for Advertisers TOS.pdf */ = {isa = PBXFileReference; lastKnownFileType = image.pdf; path = "Flurry for Advertisers TOS.pdf"; sourceTree = "<group>"; };
		4DE61F21196333F300D5E9E9 /* Flurry for Publishers TOS.pdf */ = {isa = PBXFileReference; lastKnownFileType = image.pdf; path = "Flurry for Publishers TOS.pdf"; sourceTree = "<group>"; };
		4DE61F22196333F300D5E9E9 /* Flurry RTB Marketplace TOS.pdf */ = {isa = PBXFileReference; lastKnownFileType = image.pdf; path = "Flurry RTB Marketplace TOS.pdf"; sourceTree = "<group>"; };
		4DE61F23196333F300D5E9E9 /* Flurry-LICENSE.txt */ = {isa = PBXFileReference; fileEncoding = 4; lastKnownFileType = text; path = "Flurry-LICENSE.txt"; sourceTree = "<group>"; };
		4DE61F24196333F300D5E9E9 /* Hogan.js-LICENSE.txt */ = {isa = PBXFileReference; fileEncoding = 4; lastKnownFileType = text; path = "Hogan.js-LICENSE.txt"; sourceTree = "<group>"; };
		4DE61F25196333F300D5E9E9 /* Jansson-LICENSE.txt */ = {isa = PBXFileReference; fileEncoding = 4; lastKnownFileType = text; path = "Jansson-LICENSE.txt"; sourceTree = "<group>"; };
		4DE61F26196333F300D5E9E9 /* PLCrashReporter-LICENSE.rtf */ = {isa = PBXFileReference; fileEncoding = 4; lastKnownFileType = text.rtf; path = "PLCrashReporter-LICENSE.rtf"; sourceTree = "<group>"; };
/* End PBXFileReference section */

/* Begin PBXFrameworksBuildPhase section */
		4D9CBF461902114A00A708D1 /* Frameworks */ = {
			isa = PBXFrameworksBuildPhase;
			buildActionMask = 2147483647;
			files = (
				4DE5B321195FD88700125748 /* SystemConfiguration.framework in Frameworks */,
				4DE61F28196333F300D5E9E9 /* libFlurry_5.1.0.a in Frameworks */,
				4D9CBF4F1902114A00A708D1 /* CoreGraphics.framework in Frameworks */,
				4DE61FB4196333F300D5E9E9 /* libFlurryAds_5.1.0.a in Frameworks */,
				4D9CBF511902114A00A708D1 /* UIKit.framework in Frameworks */,
				4D9CBF4D1902114A00A708D1 /* Foundation.framework in Frameworks */,
			);
			runOnlyForDeploymentPostprocessing = 0;
		};
		4D9CBF611902114A00A708D1 /* Frameworks */ = {
			isa = PBXFrameworksBuildPhase;
			buildActionMask = 2147483647;
			files = (
				4D9CBF661902114A00A708D1 /* XCTest.framework in Frameworks */,
				4D9CBF681902114A00A708D1 /* UIKit.framework in Frameworks */,
				4D9CBF671902114A00A708D1 /* Foundation.framework in Frameworks */,
			);
			runOnlyForDeploymentPostprocessing = 0;
		};
/* End PBXFrameworksBuildPhase section */

/* Begin PBXGroup section */
		4D9CBF401902114A00A708D1 = {
			isa = PBXGroup;
			children = (
				4DE61E84196333F300D5E9E9 /* Flurry iPhone SDK viPhone 5 */,
				4D9CBF521902114A00A708D1 /* GPACal */,
				4D9CBF6B1902114A00A708D1 /* GPACalTests */,
				4D9CBF4B1902114A00A708D1 /* Frameworks */,
				4D9CBF4A1902114A00A708D1 /* Products */,
			);
			sourceTree = "<group>";
		};
		4D9CBF4A1902114A00A708D1 /* Products */ = {
			isa = PBXGroup;
			children = (
				4D9CBF491902114A00A708D1 /* GPACal.app */,
				4D9CBF641902114A00A708D1 /* GPACalTests.xctest */,
			);
			name = Products;
			sourceTree = "<group>";
		};
		4D9CBF4B1902114A00A708D1 /* Frameworks */ = {
			isa = PBXGroup;
			children = (
				4D5281AA19607AF8007E17A0 /* CoreData.framework */,
				4DE5B320195FD88700125748 /* SystemConfiguration.framework */,
				4D9CBF4C1902114A00A708D1 /* Foundation.framework */,
				4D9CBF4E1902114A00A708D1 /* CoreGraphics.framework */,
				4D9CBF501902114A00A708D1 /* UIKit.framework */,
				4D9CBF651902114A00A708D1 /* XCTest.framework */,
			);
			name = Frameworks;
			sourceTree = "<group>";
		};
		4D9CBF521902114A00A708D1 /* GPACal */ = {
			isa = PBXGroup;
			children = (
				4D6118A81903888800B2519F /* GPACal_GPAItem.h */,
				4D6118A91903888800B2519F /* GPACal_GPAItem.m */,
				4D6118A219032AF100B2519F /* GPACal_AddGPAItemViewController.h */,
				4D6118A319032AF100B2519F /* GPACal_AddGPAItemViewController.m */,
				4D42174C1909D724004CA8BE /* Main.storyboard */,
				4D64AAA31904C51C00AEDE7E /* GPACal_ClassCellTableViewCell.h */,
				4D64AAA41904C51C00AEDE7E /* GPACal_ClassCellTableViewCell.m */,
				4D6118A519032CBB00B2519F /* GPACal_GPACalcViewController.h */,
				4D6118A619032CBB00B2519F /* GPACal_GPACalcViewController.m */,
				4D9CBF5B1902114A00A708D1 /* GPACal_AppDelegate.h */,
				4D9CBF5C1902114A00A708D1 /* GPACal_AppDelegate.m */,
				4D9CBF5E1902114A00A708D1 /* Images.xcassets */,
				4D8D63901AD598CE009F12F1 /* Loading Screen N.png */,
				4D8D63921AD598EC009F12F1 /* Launch Screen.xib */,
				4D9CBF531902114A00A708D1 /* Supporting Files */,
			);
			path = GPACal;
			sourceTree = "<group>";
		};
		4D9CBF531902114A00A708D1 /* Supporting Files */ = {
			isa = PBXGroup;
			children = (
				4D9CBF541902114A00A708D1 /* GPACal-Info.plist */,
				4D9CBF551902114A00A708D1 /* InfoPlist.strings */,
				4D9CBF581902114A00A708D1 /* main.m */,
				4D9CBF5A1902114A00A708D1 /* GPACal-Prefix.pch */,
				4DE61D44196332E100D5E9E9 /* Keys.plist */,
			);
			name = "Supporting Files";
			sourceTree = "<group>";
		};
		4D9CBF6B1902114A00A708D1 /* GPACalTests */ = {
			isa = PBXGroup;
			children = (
				4D9CBF711902114A00A708D1 /* GPACalTests.m */,
				4D9CBF6C1902114A00A708D1 /* Supporting Files */,
			);
			path = GPACalTests;
			sourceTree = "<group>";
		};
		4D9CBF6C1902114A00A708D1 /* Supporting Files */ = {
			isa = PBXGroup;
			children = (
				4D9CBF6D1902114A00A708D1 /* GPACalTests-Info.plist */,
				4D9CBF6E1902114A00A708D1 /* InfoPlist.strings */,
			);
			name = "Supporting Files";
			sourceTree = "<group>";
		};
		4DE61E84196333F300D5E9E9 /* Flurry iPhone SDK viPhone 5 */ = {
			isa = PBXGroup;
			children = (
				4DE61E85196333F300D5E9E9 /* Flurry-iOS-5.1.0 */,
			);
			path = "Flurry iPhone SDK viPhone 5";
			sourceTree = "<group>";
		};
		4DE61E85196333F300D5E9E9 /* Flurry-iOS-5.1.0 */ = {
			isa = PBXGroup;
			children = (
				4DE61E86196333F300D5E9E9 /* Flurry */,
				4DE61E89196333F300D5E9E9 /* Flurry API Documentation */,
				4DE61F15196333F300D5E9E9 /* Flurry iOS-4.x-Upgrade-README .pdf */,
				4DE61F16196333F300D5E9E9 /* FlurryAds */,
				4DE61F1A196333F300D5E9E9 /* FlurryiOSAdvertisingREADMEv5.1.0.pdf */,
				4DE61F1B196333F300D5E9E9 /* FlurryiOSAnalyticsREADMEv5.1.0.pdf */,
				4DE61F1C196333F300D5E9E9 /* FlurryiOSReleaseNotesv5.1.0.pdf */,
				4DE61F1D196333F300D5E9E9 /* Licenses */,
			);
			path = "Flurry-iOS-5.1.0";
			sourceTree = "<group>";
		};
		4DE61E86196333F300D5E9E9 /* Flurry */ = {
			isa = PBXGroup;
			children = (
				4DE61E87196333F300D5E9E9 /* Flurry.h */,
				4DE61E88196333F300D5E9E9 /* libFlurry_5.1.0.a */,
			);
			path = Flurry;
			sourceTree = "<group>";
		};
		4DE61E89196333F300D5E9E9 /* Flurry API Documentation */ = {
			isa = PBXGroup;
			children = (
				4DE61E8A196333F300D5E9E9 /* _flurry_8h_source.html */,
				4DE61E8B196333F300D5E9E9 /* _flurry_ad_delegate_8h_source.html */,
				4DE61E8C196333F300D5E9E9 /* _flurry_ads_8h_source.html */,
				4DE61E8D196333F300D5E9E9 /* annotated.html */,
				4DE61E8E196333F300D5E9E9 /* annotated.js */,
				4DE61E8F196333F300D5E9E9 /* bc_s.png */,
				4DE61E90196333F300D5E9E9 /* bdwn.png */,
				4DE61E91196333F300D5E9E9 /* class_flurry-members.html */,
				4DE61E92196333F300D5E9E9 /* class_flurry_ads-members.html */,
				4DE61E93196333F300D5E9E9 /* classes.html */,
				4DE61E94196333F300D5E9E9 /* closed.png */,
				4DE61E95196333F300D5E9E9 /* deprecated.html */,
				4DE61E96196333F300D5E9E9 /* dir_191bbc312b17524397d6a9dc5f56d69f.html */,
				4DE61E97196333F300D5E9E9 /* dir_191bbc312b17524397d6a9dc5f56d69f.js */,
				4DE61E98196333F300D5E9E9 /* dir_7108d0b5350daf9d6eeb299d7f091929.html */,
				4DE61E99196333F300D5E9E9 /* dir_7108d0b5350daf9d6eeb299d7f091929.js */,
				4DE61E9A196333F300D5E9E9 /* dir_befff70f4aff068090eb45949a2e3fc4.html */,
				4DE61E9B196333F300D5E9E9 /* dir_befff70f4aff068090eb45949a2e3fc4.js */,
				4DE61E9C196333F300D5E9E9 /* dir_c8abc2155ac66564b519f37a4975a92c.html */,
				4DE61E9D196333F300D5E9E9 /* dir_c8abc2155ac66564b519f37a4975a92c.js */,
				4DE61E9E196333F300D5E9E9 /* dir_f396504afdc959660871b003fa10164d.html */,
				4DE61E9F196333F300D5E9E9 /* dir_f396504afdc959660871b003fa10164d.js */,
				4DE61EA0196333F300D5E9E9 /* doxygen.css */,
				4DE61EA1196333F300D5E9E9 /* doxygen.png */,
				4DE61EA2196333F300D5E9E9 /* dynsections.js */,
				4DE61EA3196333F300D5E9E9 /* files.html */,
				4DE61EA4196333F300D5E9E9 /* files.js */,
				4DE61EA5196333F300D5E9E9 /* flurry_logo.png */,
				4DE61EA6196333F300D5E9E9 /* ftv2blank.png */,
				4DE61EA7196333F300D5E9E9 /* ftv2cl.png */,
				4DE61EA8196333F300D5E9E9 /* ftv2doc.png */,
				4DE61EA9196333F300D5E9E9 /* ftv2folderclosed.png */,
				4DE61EAA196333F300D5E9E9 /* ftv2folderopen.png */,
				4DE61EAB196333F300D5E9E9 /* ftv2lastnode.png */,
				4DE61EAC196333F300D5E9E9 /* ftv2link.png */,
				4DE61EAD196333F300D5E9E9 /* ftv2mlastnode.png */,
				4DE61EAE196333F300D5E9E9 /* ftv2mnode.png */,
				4DE61EAF196333F300D5E9E9 /* ftv2mo.png */,
				4DE61EB0196333F300D5E9E9 /* ftv2node.png */,
				4DE61EB1196333F300D5E9E9 /* ftv2ns.png */,
				4DE61EB2196333F300D5E9E9 /* ftv2plastnode.png */,
				4DE61EB3196333F300D5E9E9 /* ftv2pnode.png */,
				4DE61EB4196333F300D5E9E9 /* ftv2splitbar.png */,
				4DE61EB5196333F300D5E9E9 /* ftv2vertline.png */,
				4DE61EB6196333F300D5E9E9 /* functions.html */,
				4DE61EB7196333F300D5E9E9 /* functions_func.html */,
				4DE61EB8196333F300D5E9E9 /* hierarchy.html */,
				4DE61EB9196333F300D5E9E9 /* hierarchy.js */,
				4DE61EBA196333F300D5E9E9 /* index.html */,
				4DE61EBB196333F300D5E9E9 /* interface_flurry.html */,
				4DE61EBC196333F300D5E9E9 /* interface_flurry.png */,
				4DE61EBD196333F300D5E9E9 /* interface_flurry_ads.html */,
				4DE61EBE196333F300D5E9E9 /* interface_flurry_ads.png */,
				4DE61EBF196333F300D5E9E9 /* jquery.js */,
				4DE61EC0196333F300D5E9E9 /* nav_f.png */,
				4DE61EC1196333F300D5E9E9 /* nav_g.png */,
				4DE61EC2196333F300D5E9E9 /* nav_h.png */,
				4DE61EC3196333F300D5E9E9 /* navtree.css */,
				4DE61EC4196333F300D5E9E9 /* navtree.js */,
				4DE61EC5196333F300D5E9E9 /* navtreeindex0.js */,
				4DE61EC6196333F300D5E9E9 /* open.png */,
				4DE61EC7196333F300D5E9E9 /* pages.html */,
				4DE61EC8196333F300D5E9E9 /* protocol_flurry_ad_delegate-p-members.html */,
				4DE61EC9196333F300D5E9E9 /* protocol_flurry_ad_delegate-p.html */,
				4DE61ECA196333F300D5E9E9 /* protocol_flurry_ad_delegate-p.js */,
				4DE61ECB196333F300D5E9E9 /* protocol_flurry_ad_delegate-p.png */,
				4DE61ECC196333F300D5E9E9 /* resize.js */,
				4DE61ECD196333F300D5E9E9 /* search */,
				4DE61F0E196333F300D5E9E9 /* sync_off.png */,
				4DE61F0F196333F300D5E9E9 /* sync_on.png */,
				4DE61F10196333F300D5E9E9 /* tab_a.png */,
				4DE61F11196333F300D5E9E9 /* tab_b.png */,
				4DE61F12196333F300D5E9E9 /* tab_h.png */,
				4DE61F13196333F300D5E9E9 /* tab_s.png */,
				4DE61F14196333F300D5E9E9 /* tabs.css */,
			);
			path = "Flurry API Documentation";
			sourceTree = "<group>";
		};
		4DE61ECD196333F300D5E9E9 /* search */ = {
			isa = PBXGroup;
			children = (
				4DE61ECE196333F300D5E9E9 /* all_5f.html */,
				4DE61ECF196333F300D5E9E9 /* all_5f.js */,
				4DE61ED0196333F300D5E9E9 /* all_61.html */,
				4DE61ED1196333F300D5E9E9 /* all_61.js */,
				4DE61ED2196333F300D5E9E9 /* all_63.html */,
				4DE61ED3196333F300D5E9E9 /* all_63.js */,
				4DE61ED4196333F300D5E9E9 /* all_64.html */,
				4DE61ED5196333F300D5E9E9 /* all_64.js */,
				4DE61ED6196333F300D5E9E9 /* all_65.html */,
				4DE61ED7196333F300D5E9E9 /* all_65.js */,
				4DE61ED8196333F300D5E9E9 /* all_66.html */,
				4DE61ED9196333F300D5E9E9 /* all_66.js */,
				4DE61EDA196333F300D5E9E9 /* all_67.html */,
				4DE61EDB196333F300D5E9E9 /* all_67.js */,
				4DE61EDC196333F300D5E9E9 /* all_69.html */,
				4DE61EDD196333F300D5E9E9 /* all_69.js */,
				4DE61EDE196333F300D5E9E9 /* all_6c.html */,
				4DE61EDF196333F300D5E9E9 /* all_6c.js */,
				4DE61EE0196333F300D5E9E9 /* all_70.html */,
				4DE61EE1196333F300D5E9E9 /* all_70.js */,
				4DE61EE2196333F300D5E9E9 /* all_72.html */,
				4DE61EE3196333F300D5E9E9 /* all_72.js */,
				4DE61EE4196333F300D5E9E9 /* all_73.html */,
				4DE61EE5196333F300D5E9E9 /* all_73.js */,
				4DE61EE6196333F300D5E9E9 /* all_76.html */,
				4DE61EE7196333F300D5E9E9 /* all_76.js */,
				4DE61EE8196333F300D5E9E9 /* classes_66.html */,
				4DE61EE9196333F300D5E9E9 /* classes_66.js */,
				4DE61EEA196333F300D5E9E9 /* close.png */,
				4DE61EEB196333F300D5E9E9 /* functions_5f.html */,
				4DE61EEC196333F300D5E9E9 /* functions_5f.js */,
				4DE61EED196333F300D5E9E9 /* functions_61.html */,
				4DE61EEE196333F300D5E9E9 /* functions_61.js */,
				4DE61EEF196333F300D5E9E9 /* functions_63.html */,
				4DE61EF0196333F300D5E9E9 /* functions_63.js */,
				4DE61EF1196333F300D5E9E9 /* functions_64.html */,
				4DE61EF2196333F300D5E9E9 /* functions_64.js */,
				4DE61EF3196333F300D5E9E9 /* functions_65.html */,
				4DE61EF4196333F300D5E9E9 /* functions_65.js */,
				4DE61EF5196333F300D5E9E9 /* functions_66.html */,
				4DE61EF6196333F300D5E9E9 /* functions_66.js */,
				4DE61EF7196333F300D5E9E9 /* functions_67.html */,
				4DE61EF8196333F300D5E9E9 /* functions_67.js */,
				4DE61EF9196333F300D5E9E9 /* functions_69.html */,
				4DE61EFA196333F300D5E9E9 /* functions_69.js */,
				4DE61EFB196333F300D5E9E9 /* functions_6c.html */,
				4DE61EFC196333F300D5E9E9 /* functions_6c.js */,
				4DE61EFD196333F300D5E9E9 /* functions_70.html */,
				4DE61EFE196333F300D5E9E9 /* functions_70.js */,
				4DE61EFF196333F300D5E9E9 /* functions_72.html */,
				4DE61F00196333F300D5E9E9 /* functions_72.js */,
				4DE61F01196333F300D5E9E9 /* functions_73.html */,
				4DE61F02196333F300D5E9E9 /* functions_73.js */,
				4DE61F03196333F300D5E9E9 /* functions_76.html */,
				4DE61F04196333F300D5E9E9 /* functions_76.js */,
				4DE61F05196333F300D5E9E9 /* mag_sel.png */,
				4DE61F06196333F300D5E9E9 /* nomatches.html */,
				4DE61F07196333F300D5E9E9 /* pages_64.html */,
				4DE61F08196333F300D5E9E9 /* pages_64.js */,
				4DE61F09196333F300D5E9E9 /* search.css */,
				4DE61F0A196333F300D5E9E9 /* search.js */,
				4DE61F0B196333F300D5E9E9 /* search_l.png */,
				4DE61F0C196333F300D5E9E9 /* search_m.png */,
				4DE61F0D196333F300D5E9E9 /* search_r.png */,
			);
			path = search;
			sourceTree = "<group>";
		};
		4DE61F16196333F300D5E9E9 /* FlurryAds */ = {
			isa = PBXGroup;
			children = (
				4DE61F17196333F300D5E9E9 /* FlurryAdDelegate.h */,
				4DE61F18196333F300D5E9E9 /* FlurryAds.h */,
				4DE61F19196333F300D5E9E9 /* libFlurryAds_5.1.0.a */,
			);
			path = FlurryAds;
			sourceTree = "<group>";
		};
		4DE61F1D196333F300D5E9E9 /* Licenses */ = {
			isa = PBXGroup;
			children = (
				4DE61F1E196333F300D5E9E9 /* Avro-LICENSE.txt */,
				4DE61F1F196333F300D5E9E9 /* Flurry Analytics Terms of Service.pdf */,
				4DE61F20196333F300D5E9E9 /* Flurry for Advertisers TOS.pdf */,
				4DE61F21196333F300D5E9E9 /* Flurry for Publishers TOS.pdf */,
				4DE61F22196333F300D5E9E9 /* Flurry RTB Marketplace TOS.pdf */,
				4DE61F23196333F300D5E9E9 /* Flurry-LICENSE.txt */,
				4DE61F24196333F300D5E9E9 /* Hogan.js-LICENSE.txt */,
				4DE61F25196333F300D5E9E9 /* Jansson-LICENSE.txt */,
				4DE61F26196333F300D5E9E9 /* PLCrashReporter-LICENSE.rtf */,
			);
			path = Licenses;
			sourceTree = "<group>";
		};
/* End PBXGroup section */

/* Begin PBXNativeTarget section */
		4D9CBF481902114A00A708D1 /* GPACal */ = {
			isa = PBXNativeTarget;
			buildConfigurationList = 4D9CBF751902114A00A708D1 /* Build configuration list for PBXNativeTarget "GPACal" */;
			buildPhases = (
				4D9CBF451902114A00A708D1 /* Sources */,
				4D9CBF461902114A00A708D1 /* Frameworks */,
				4D9CBF471902114A00A708D1 /* Resources */,
			);
			buildRules = (
			);
			dependencies = (
			);
			name = GPACal;
			productName = GPACal;
			productReference = 4D9CBF491902114A00A708D1 /* GPACal.app */;
			productType = "com.apple.product-type.application";
		};
		4D9CBF631902114A00A708D1 /* GPACalTests */ = {
			isa = PBXNativeTarget;
			buildConfigurationList = 4D9CBF781902114A00A708D1 /* Build configuration list for PBXNativeTarget "GPACalTests" */;
			buildPhases = (
				4D9CBF601902114A00A708D1 /* Sources */,
				4D9CBF611902114A00A708D1 /* Frameworks */,
				4D9CBF621902114A00A708D1 /* Resources */,
			);
			buildRules = (
			);
			dependencies = (
				4D9CBF6A1902114A00A708D1 /* PBXTargetDependency */,
			);
			name = GPACalTests;
			productName = GPACalTests;
			productReference = 4D9CBF641902114A00A708D1 /* GPACalTests.xctest */;
			productType = "com.apple.product-type.bundle.unit-test";
		};
/* End PBXNativeTarget section */

/* Begin PBXProject section */
		4D9CBF411902114A00A708D1 /* Project object */ = {
			isa = PBXProject;
			attributes = {
				CLASSPREFIX = GPACal_;
				LastUpgradeCheck = 0510;
				ORGANIZATIONNAME = "Andrew Robinson";
				TargetAttributes = {
					4D9CBF481902114A00A708D1 = {
						DevelopmentTeam = W32V57Q5XB;
					};
					4D9CBF631902114A00A708D1 = {
						TestTargetID = 4D9CBF481902114A00A708D1;
					};
				};
			};
			buildConfigurationList = 4D9CBF441902114A00A708D1 /* Build configuration list for PBXProject "GPACal" */;
			compatibilityVersion = "Xcode 3.2";
			developmentRegion = English;
			hasScannedForEncodings = 0;
			knownRegions = (
				en,
			);
			mainGroup = 4D9CBF401902114A00A708D1;
			productRefGroup = 4D9CBF4A1902114A00A708D1 /* Products */;
			projectDirPath = "";
			projectRoot = "";
			targets = (
				4D9CBF481902114A00A708D1 /* GPACal */,
				4D9CBF631902114A00A708D1 /* GPACalTests */,
			);
		};
/* End PBXProject section */

/* Begin PBXResourcesBuildPhase section */
		4D9CBF471902114A00A708D1 /* Resources */ = {
			isa = PBXResourcesBuildPhase;
			buildActionMask = 2147483647;
			files = (
				4DE61F31196333F300D5E9E9 /* class_flurry_ads-members.html in Resources */,
				4DE61F8D196333F300D5E9E9 /* functions_63.html in Resources */,
				4DE61FB9196333F300D5E9E9 /* Flurry Analytics Terms of Service.pdf in Resources */,
				4DE61F59196333F300D5E9E9 /* index.html in Resources */,
				4DE61F86196333F300D5E9E9 /* classes_66.html in Resources */,
				4DE61F33196333F300D5E9E9 /* closed.png in Resources */,
				4D42174D1909D724004CA8BE /* Main.storyboard in Resources */,
				4DE61F49196333F300D5E9E9 /* ftv2folderopen.png in Resources */,
				4DE61FB1196333F300D5E9E9 /* tab_s.png in Resources */,
				4DE61F89196333F300D5E9E9 /* functions_5f.html in Resources */,
				4DE61F34196333F300D5E9E9 /* deprecated.html in Resources */,
				4DE61FB0196333F300D5E9E9 /* tab_h.png in Resources */,
				4DE61FAD196333F300D5E9E9 /* sync_on.png in Resources */,
				4DE61F35196333F300D5E9E9 /* dir_191bbc312b17524397d6a9dc5f56d69f.html in Resources */,
				4DE61F6C196333F300D5E9E9 /* all_5f.html in Resources */,
				4DE61F97196333F300D5E9E9 /* functions_69.html in Resources */,
				4DE61F2A196333F300D5E9E9 /* _flurry_ad_delegate_8h_source.html in Resources */,
				4DE61F2E196333F300D5E9E9 /* bc_s.png in Resources */,
				4DE61F6E196333F300D5E9E9 /* all_61.html in Resources */,
				4DE61F53196333F300D5E9E9 /* ftv2splitbar.png in Resources */,
				4DE61FA9196333F300D5E9E9 /* search_l.png in Resources */,
				4DE61FA1196333F300D5E9E9 /* functions_76.html in Resources */,
				4DE61F48196333F300D5E9E9 /* ftv2folderclosed.png in Resources */,
				4DE61FAF196333F300D5E9E9 /* tab_b.png in Resources */,
				4DE61F76196333F300D5E9E9 /* all_66.html in Resources */,
				4DE61F29196333F300D5E9E9 /* _flurry_8h_source.html in Resources */,
				4DE61FAE196333F300D5E9E9 /* tab_a.png in Resources */,
				4DE61F91196333F300D5E9E9 /* functions_65.html in Resources */,
				4DE61F42196333F300D5E9E9 /* files.html in Resources */,
				4D9CBF571902114A00A708D1 /* InfoPlist.strings in Resources */,
				4DE61F9F196333F300D5E9E9 /* functions_73.html in Resources */,
				4DE61F88196333F300D5E9E9 /* close.png in Resources */,
				4DE61F9D196333F300D5E9E9 /* functions_72.html in Resources */,
				4D9CBF5F1902114A00A708D1 /* Images.xcassets in Resources */,
				4DE61F74196333F300D5E9E9 /* all_65.html in Resources */,
				4DE61F80196333F300D5E9E9 /* all_72.html in Resources */,
				4DE61F72196333F300D5E9E9 /* all_64.html in Resources */,
				4DE61F57196333F300D5E9E9 /* hierarchy.html in Resources */,
				4DE61F4E196333F300D5E9E9 /* ftv2mo.png in Resources */,
				4DE61FB8196333F300D5E9E9 /* Avro-LICENSE.txt in Resources */,
				4DE61FBE196333F300D5E9E9 /* Hogan.js-LICENSE.txt in Resources */,
				4DE61F4C196333F300D5E9E9 /* ftv2mlastnode.png in Resources */,
				4DE61FB7196333F300D5E9E9 /* FlurryiOSReleaseNotesv5.1.0.pdf in Resources */,
				4DE61F45196333F300D5E9E9 /* ftv2blank.png in Resources */,
				4DE61F84196333F300D5E9E9 /* all_76.html in Resources */,
				4DE61F46196333F300D5E9E9 /* ftv2cl.png in Resources */,
				4DE61F40196333F300D5E9E9 /* doxygen.png in Resources */,
				4D8D63931AD598EC009F12F1 /* Launch Screen.xib in Resources */,
				4DE61F61196333F300D5E9E9 /* nav_h.png in Resources */,
				4DE61FBD196333F300D5E9E9 /* Flurry-LICENSE.txt in Resources */,
				4DE61F52196333F300D5E9E9 /* ftv2pnode.png in Resources */,
				4DE61F32196333F300D5E9E9 /* classes.html in Resources */,
				4DE61FBC196333F300D5E9E9 /* Flurry RTB Marketplace TOS.pdf in Resources */,
				4DE61F6A196333F300D5E9E9 /* protocol_flurry_ad_delegate-p.png in Resources */,
				4DE61FB2196333F300D5E9E9 /* tabs.css in Resources */,
				4DE61F7E196333F300D5E9E9 /* all_70.html in Resources */,
				4DE61F2F196333F300D5E9E9 /* bdwn.png in Resources */,
				4DE61F7C196333F300D5E9E9 /* all_6c.html in Resources */,
				4DE61F9B196333F300D5E9E9 /* functions_70.html in Resources */,
				4DE61FAB196333F300D5E9E9 /* search_r.png in Resources */,
				4DE61F54196333F300D5E9E9 /* ftv2vertline.png in Resources */,
				4DE61F50196333F300D5E9E9 /* ftv2ns.png in Resources */,
				4DE61F5F196333F300D5E9E9 /* nav_f.png in Resources */,
				4DE61FB3196333F300D5E9E9 /* Flurry iOS-4.x-Upgrade-README .pdf in Resources */,
				4DE61FA3196333F300D5E9E9 /* mag_sel.png in Resources */,
				4DE61F5A196333F300D5E9E9 /* interface_flurry.html in Resources */,
				4DE61F5B196333F300D5E9E9 /* interface_flurry.png in Resources */,
				4DE61F67196333F300D5E9E9 /* protocol_flurry_ad_delegate-p-members.html in Resources */,
				4DE61F65196333F300D5E9E9 /* open.png in Resources */,
				4DE61F4F196333F300D5E9E9 /* ftv2node.png in Resources */,
				4DE61FC0196333F300D5E9E9 /* PLCrashReporter-LICENSE.rtf in Resources */,
				4DE61F4D196333F300D5E9E9 /* ftv2mnode.png in Resources */,
				4DE61F47196333F300D5E9E9 /* ftv2doc.png in Resources */,
				4DE61F95196333F300D5E9E9 /* functions_67.html in Resources */,
				4DE61F99196333F300D5E9E9 /* functions_6c.html in Resources */,
				4DE61FBB196333F300D5E9E9 /* Flurry for Publishers TOS.pdf in Resources */,
				4DE61F51196333F300D5E9E9 /* ftv2plastnode.png in Resources */,
				4DE61F66196333F300D5E9E9 /* pages.html in Resources */,
				4DE61F82196333F300D5E9E9 /* all_73.html in Resources */,
				4DE61F4A196333F300D5E9E9 /* ftv2lastnode.png in Resources */,
				4DE61F62196333F300D5E9E9 /* navtree.css in Resources */,
				4DE61D45196332E100D5E9E9 /* Keys.plist in Resources */,
				4DE61F2B196333F300D5E9E9 /* _flurry_ads_8h_source.html in Resources */,
				4DE61FA5196333F300D5E9E9 /* pages_64.html in Resources */,
				4DE61F68196333F300D5E9E9 /* protocol_flurry_ad_delegate-p.html in Resources */,
				4DE61FB5196333F300D5E9E9 /* FlurryiOSAdvertisingREADMEv5.1.0.pdf in Resources */,
				4DE61FAA196333F300D5E9E9 /* search_m.png in Resources */,
				4DE61FBF196333F300D5E9E9 /* Jansson-LICENSE.txt in Resources */,
				4DE61F7A196333F300D5E9E9 /* all_69.html in Resources */,
				4DE61F39196333F300D5E9E9 /* dir_befff70f4aff068090eb45949a2e3fc4.html in Resources */,
				4DE61F3B196333F300D5E9E9 /* dir_c8abc2155ac66564b519f37a4975a92c.html in Resources */,
				4DE61F3D196333F300D5E9E9 /* dir_f396504afdc959660871b003fa10164d.html in Resources */,
				4D8D63911AD598CE009F12F1 /* Loading Screen N.png in Resources */,
				4DE61F78196333F300D5E9E9 /* all_67.html in Resources */,
				4DE61F60196333F300D5E9E9 /* nav_g.png in Resources */,
				4DE61F5D196333F300D5E9E9 /* interface_flurry_ads.png in Resources */,
				4DE61F37196333F300D5E9E9 /* dir_7108d0b5350daf9d6eeb299d7f091929.html in Resources */,
				4DE61FA7196333F300D5E9E9 /* search.css in Resources */,
				4DE61FB6196333F300D5E9E9 /* FlurryiOSAnalyticsREADMEv5.1.0.pdf in Resources */,
				4DE61F55196333F300D5E9E9 /* functions.html in Resources */,
				4DE61F8F196333F300D5E9E9 /* functions_64.html in Resources */,
				4DE61F56196333F300D5E9E9 /* functions_func.html in Resources */,
				4DE61F5C196333F300D5E9E9 /* interface_flurry_ads.html in Resources */,
				4DE61F3F196333F300D5E9E9 /* doxygen.css in Resources */,
				4DE61FA4196333F300D5E9E9 /* nomatches.html in Resources */,
				4DE61FBA196333F300D5E9E9 /* Flurry for Advertisers TOS.pdf in Resources */,
				4DE61F70196333F300D5E9E9 /* all_63.html in Resources */,
				4DE61FAC196333F300D5E9E9 /* sync_off.png in Resources */,
				4DE61F30196333F300D5E9E9 /* class_flurry-members.html in Resources */,
				4DE61F4B196333F300D5E9E9 /* ftv2link.png in Resources */,
				4DE61F8B196333F300D5E9E9 /* functions_61.html in Resources */,
				4DE61F44196333F300D5E9E9 /* flurry_logo.png in Resources */,
				4DE61F93196333F300D5E9E9 /* functions_66.html in Resources */,
				4DE61F2C196333F300D5E9E9 /* annotated.html in Resources */,
			);
			runOnlyForDeploymentPostprocessing = 0;
		};
		4D9CBF621902114A00A708D1 /* Resources */ = {
			isa = PBXResourcesBuildPhase;
			buildActionMask = 2147483647;
			files = (
				4D9CBF701902114A00A708D1 /* InfoPlist.strings in Resources */,
			);
			runOnlyForDeploymentPostprocessing = 0;
		};
/* End PBXResourcesBuildPhase section */

/* Begin PBXSourcesBuildPhase section */
		4D9CBF451902114A00A708D1 /* Sources */ = {
			isa = PBXSourcesBuildPhase;
			buildActionMask = 2147483647;
			files = (
				4D6118AA1903888800B2519F /* GPACal_GPAItem.m in Sources */,
				4D9CBF5D1902114A00A708D1 /* GPACal_AppDelegate.m in Sources */,
				4D64AAA51904C51C00AEDE7E /* GPACal_ClassCellTableViewCell.m in Sources */,
				4D9CBF591902114A00A708D1 /* main.m in Sources */,
				4D6118A419032AF100B2519F /* GPACal_AddGPAItemViewController.m in Sources */,
				4D6118A719032CBB00B2519F /* GPACal_GPACalcViewController.m in Sources */,
			);
			runOnlyForDeploymentPostprocessing = 0;
		};
		4D9CBF601902114A00A708D1 /* Sources */ = {
			isa = PBXSourcesBuildPhase;
			buildActionMask = 2147483647;
			files = (
				4D9CBF721902114A00A708D1 /* GPACalTests.m in Sources */,
			);
			runOnlyForDeploymentPostprocessing = 0;
		};
/* End PBXSourcesBuildPhase section */

/* Begin PBXTargetDependency section */
		4D9CBF6A1902114A00A708D1 /* PBXTargetDependency */ = {
			isa = PBXTargetDependency;
			target = 4D9CBF481902114A00A708D1 /* GPACal */;
			targetProxy = 4D9CBF691902114A00A708D1 /* PBXContainerItemProxy */;
		};
/* End PBXTargetDependency section */

/* Begin PBXVariantGroup section */
		4D9CBF551902114A00A708D1 /* InfoPlist.strings */ = {
			isa = PBXVariantGroup;
			children = (
				4D9CBF561902114A00A708D1 /* en */,
			);
			name = InfoPlist.strings;
			sourceTree = "<group>";
		};
		4D9CBF6E1902114A00A708D1 /* InfoPlist.strings */ = {
			isa = PBXVariantGroup;
			children = (
				4D9CBF6F1902114A00A708D1 /* en */,
			);
			name = InfoPlist.strings;
			sourceTree = "<group>";
		};
/* End PBXVariantGroup section */

/* Begin XCBuildConfiguration section */
		4D9CBF731902114A00A708D1 /* Debug */ = {
			isa = XCBuildConfiguration;
			buildSettings = {
				ALWAYS_SEARCH_USER_PATHS = NO;
				CLANG_CXX_LANGUAGE_STANDARD = "gnu++0x";
				CLANG_CXX_LIBRARY = "libc++";
				CLANG_ENABLE_MODULES = YES;
				CLANG_ENABLE_OBJC_ARC = YES;
				CLANG_WARN_BOOL_CONVERSION = YES;
				CLANG_WARN_CONSTANT_CONVERSION = YES;
				CLANG_WARN_DIRECT_OBJC_ISA_USAGE = YES_ERROR;
				CLANG_WARN_EMPTY_BODY = YES;
				CLANG_WARN_ENUM_CONVERSION = YES;
				CLANG_WARN_INT_CONVERSION = YES;
				CLANG_WARN_OBJC_ROOT_CLASS = YES_ERROR;
				CLANG_WARN__DUPLICATE_METHOD_MATCH = YES;
				"CODE_SIGN_IDENTITY[sdk=iphoneos*]" = "iPhone Developer";
				COPY_PHASE_STRIP = NO;
				GCC_C_LANGUAGE_STANDARD = gnu99;
				GCC_DYNAMIC_NO_PIC = NO;
				GCC_OPTIMIZATION_LEVEL = 0;
				GCC_PREPROCESSOR_DEFINITIONS = (
					"DEBUG=1",
					"$(inherited)",
				);
				GCC_SYMBOLS_PRIVATE_EXTERN = NO;
				GCC_WARN_64_TO_32_BIT_CONVERSION = YES;
				GCC_WARN_ABOUT_RETURN_TYPE = YES_ERROR;
				GCC_WARN_UNDECLARED_SELECTOR = YES;
				GCC_WARN_UNINITIALIZED_AUTOS = YES_AGGRESSIVE;
				GCC_WARN_UNUSED_FUNCTION = YES;
				GCC_WARN_UNUSED_VARIABLE = YES;
				IPHONEOS_DEPLOYMENT_TARGET = 7.0;
				ONLY_ACTIVE_ARCH = YES;
				SDKROOT = iphoneos;
			};
			name = Debug;
		};
		4D9CBF741902114A00A708D1 /* Release */ = {
			isa = XCBuildConfiguration;
			buildSettings = {
				ALWAYS_SEARCH_USER_PATHS = NO;
				CLANG_CXX_LANGUAGE_STANDARD = "gnu++0x";
				CLANG_CXX_LIBRARY = "libc++";
				CLANG_ENABLE_MODULES = YES;
				CLANG_ENABLE_OBJC_ARC = YES;
				CLANG_WARN_BOOL_CONVERSION = YES;
				CLANG_WARN_CONSTANT_CONVERSION = YES;
				CLANG_WARN_DIRECT_OBJC_ISA_USAGE = YES_ERROR;
				CLANG_WARN_EMPTY_BODY = YES;
				CLANG_WARN_ENUM_CONVERSION = YES;
				CLANG_WARN_INT_CONVERSION = YES;
				CLANG_WARN_OBJC_ROOT_CLASS = YES_ERROR;
				CLANG_WARN__DUPLICATE_METHOD_MATCH = YES;
				"CODE_SIGN_IDENTITY[sdk=iphoneos*]" = "iPhone Developer";
				COPY_PHASE_STRIP = YES;
				ENABLE_NS_ASSERTIONS = NO;
				GCC_C_LANGUAGE_STANDARD = gnu99;
				GCC_WARN_64_TO_32_BIT_CONVERSION = YES;
				GCC_WARN_ABOUT_RETURN_TYPE = YES_ERROR;
				GCC_WARN_UNDECLARED_SELECTOR = YES;
				GCC_WARN_UNINITIALIZED_AUTOS = YES_AGGRESSIVE;
				GCC_WARN_UNUSED_FUNCTION = YES;
				GCC_WARN_UNUSED_VARIABLE = YES;
				IPHONEOS_DEPLOYMENT_TARGET = 7.0;
				SDKROOT = iphoneos;
				VALIDATE_PRODUCT = YES;
			};
			name = Release;
		};
		4D9CBF761902114A00A708D1 /* Debug */ = {
			isa = XCBuildConfiguration;
			buildSettings = {
				ASSETCATALOG_COMPILER_APPICON_NAME = AppIcon;
				CODE_SIGN_IDENTITY = "iPhone Developer";
				"CODE_SIGN_IDENTITY[sdk=iphoneos*]" = "iPhone Developer";
				GCC_PRECOMPILE_PREFIX_HEADER = YES;
				GCC_PREFIX_HEADER = "GPACal/GPACal-Prefix.pch";
				INFOPLIST_FILE = "GPACal/GPACal-Info.plist";
				IPHONEOS_DEPLOYMENT_TARGET = 8.0;
				LIBRARY_SEARCH_PATHS = "\"${SOURCE_ROOT}/Flurry iPhone SDK viPhone 5/\"/**";
				PRODUCT_NAME = "$(TARGET_NAME)";
				PROVISIONING_PROFILE = "";
				WRAPPER_EXTENSION = app;
			};
			name = Debug;
		};
		4D9CBF771902114A00A708D1 /* Release */ = {
			isa = XCBuildConfiguration;
			buildSettings = {
				ASSETCATALOG_COMPILER_APPICON_NAME = AppIcon;
				CODE_SIGN_IDENTITY = "iPhone Developer";
				"CODE_SIGN_IDENTITY[sdk=iphoneos*]" = "iPhone Developer";
				GCC_PRECOMPILE_PREFIX_HEADER = YES;
				GCC_PREFIX_HEADER = "GPACal/GPACal-Prefix.pch";
				INFOPLIST_FILE = "GPACal/GPACal-Info.plist";
				IPHONEOS_DEPLOYMENT_TARGET = 8.0;
				LIBRARY_SEARCH_PATHS = "\"${SOURCE_ROOT}/Flurry iPhone SDK viPhone 5/\"/**";
				PRODUCT_NAME = "$(TARGET_NAME)";
				PROVISIONING_PROFILE = "";
				WRAPPER_EXTENSION = app;
			};
			name = Release;
		};
		4D9CBF791902114A00A708D1 /* Debug */ = {
			isa = XCBuildConfiguration;
			buildSettings = {
				BUNDLE_LOADER = "$(BUILT_PRODUCTS_DIR)/GPACal.app/GPACal";
				FRAMEWORK_SEARCH_PATHS = (
					"$(SDKROOT)/Developer/Library/Frameworks",
					"$(inherited)",
					"$(DEVELOPER_FRAMEWORKS_DIR)",
				);
				GCC_PRECOMPILE_PREFIX_HEADER = YES;
				GCC_PREFIX_HEADER = "GPACal/GPACal-Prefix.pch";
				GCC_PREPROCESSOR_DEFINITIONS = (
					"DEBUG=1",
					"$(inherited)",
				);
				INFOPLIST_FILE = "GPACalTests/GPACalTests-Info.plist";
				PRODUCT_NAME = "$(TARGET_NAME)";
				TEST_HOST = "$(BUNDLE_LOADER)";
				WRAPPER_EXTENSION = xctest;
			};
			name = Debug;
		};
		4D9CBF7A1902114A00A708D1 /* Release */ = {
			isa = XCBuildConfiguration;
			buildSettings = {
				BUNDLE_LOADER = "$(BUILT_PRODUCTS_DIR)/GPACal.app/GPACal";
				FRAMEWORK_SEARCH_PATHS = (
					"$(SDKROOT)/Developer/Library/Frameworks",
					"$(inherited)",
					"$(DEVELOPER_FRAMEWORKS_DIR)",
				);
				GCC_PRECOMPILE_PREFIX_HEADER = YES;
				GCC_PREFIX_HEADER = "GPACal/GPACal-Prefix.pch";
				INFOPLIST_FILE = "GPACalTests/GPACalTests-Info.plist";
				PRODUCT_NAME = "$(TARGET_NAME)";
				TEST_HOST = "$(BUNDLE_LOADER)";
				WRAPPER_EXTENSION = xctest;
			};
			name = Release;
		};
/* End XCBuildConfiguration section */

/* Begin XCConfigurationList section */
		4D9CBF441902114A00A708D1 /* Build configuration list for PBXProject "GPACal" */ = {
			isa = XCConfigurationList;
			buildConfigurations = (
				4D9CBF731902114A00A708D1 /* Debug */,
				4D9CBF741902114A00A708D1 /* Release */,
			);
			defaultConfigurationIsVisible = 0;
			defaultConfigurationName = Release;
		};
		4D9CBF751902114A00A708D1 /* Build configuration list for PBXNativeTarget "GPACal" */ = {
			isa = XCConfigurationList;
			buildConfigurations = (
				4D9CBF761902114A00A708D1 /* Debug */,
				4D9CBF771902114A00A708D1 /* Release */,
			);
			defaultConfigurationIsVisible = 0;
			defaultConfigurationName = Release;
		};
		4D9CBF781902114A00A708D1 /* Build configuration list for PBXNativeTarget "GPACalTests" */ = {
			isa = XCConfigurationList;
			buildConfigurations = (
				4D9CBF791902114A00A708D1 /* Debug */,
				4D9CBF7A1902114A00A708D1 /* Release */,
			);
			defaultConfigurationIsVisible = 0;
			defaultConfigurationName = Release;
		};
/* End XCConfigurationList section */
	};
	rootObject = 4D9CBF411902114A00A708D1 /* Project object */;
}
