// !$*UTF8*$!
{
	archiveVersion = 1;
	classes = {
	};
	objectVersion = 46;
	objects = {

/* Begin PBXBuildFile section */
		4D42174D1909D724004CA8BE /* Main.storyboard in Resources */ = {isa = PBXBuildFile; fileRef = 4D42174C1909D724004CA8BE /* Main.storyboard */; };
		4D6118A419032AF100B2519F /* GPACal_AddGPAItemViewController.m in Sources */ = {isa = PBXBuildFile; fileRef = 4D6118A319032AF100B2519F /* GPACal_AddGPAItemViewController.m */; };
		4D6118A719032CBB00B2519F /* GPACal_GPACalcViewController.m in Sources */ = {isa = PBXBuildFile; fileRef = 4D6118A619032CBB00B2519F /* GPACal_GPACalcViewController.m */; };
		4D6118AA1903888800B2519F /* GPACal_GPAItem.m in Sources */ = {isa = PBXBuildFile; fileRef = 4D6118A91903888800B2519F /* GPACal_GPAItem.m */; };
		4D64AAA51904C51C00AEDE7E /* GPACal_ClassCellTableViewCell.m in Sources */ = {isa = PBXBuildFile; fileRef = 4D64AAA41904C51C00AEDE7E /* GPACal_ClassCellTableViewCell.m */; };
		4D9CBF4D1902114A00A708D1 /* Foundation.framework in Frameworks */ = {isa = PBXBuildFile; fileRef = 4D9CBF4C1902114A00A708D1 /* Foundation.framework */; };
		4D9CBF4F1902114A00A708D1 /* CoreGraphics.framework in Frameworks */ = {isa = PBXBuildFile; fileRef = 4D9CBF4E1902114A00A708D1 /* CoreGraphics.framework */; };
		4D9CBF511902114A00A708D1 /* UIKit.framework in Frameworks */ = {isa = PBXBuildFile; fileRef = 4D9CBF501902114A00A708D1 /* UIKit.framework */; };
		4D9CBF571902114A00A708D1 /* InfoPlist.strings in Resources */ = {isa = PBXBuildFile; fileRef = 4D9CBF551902114A00A708D1 /* InfoPlist.strings */; };
		4D9CBF591902114A00A708D1 /* main.m in Sources */ = {isa = PBXBuildFile; fileRef = 4D9CBF581902114A00A708D1 /* main.m */; };
		4D9CBF5D1902114A00A708D1 /* GPACal_AppDelegate.m in Sources */ = {isa = PBXBuildFile; fileRef = 4D9CBF5C1902114A00A708D1 /* GPACal_AppDelegate.m */; };
		4D9CBF5F1902114A00A708D1 /* Images.xcassets in Resources */ = {isa = PBXBuildFile; fileRef = 4D9CBF5E1902114A00A708D1 /* Images.xcassets */; };
		4D9CBF661902114A00A708D1 /* XCTest.framework in Frameworks */ = {isa = PBXBuildFile; fileRef = 4D9CBF651902114A00A708D1 /* XCTest.framework */; };
		4D9CBF671902114A00A708D1 /* Foundation.framework in Frameworks */ = {isa = PBXBuildFile; fileRef = 4D9CBF4C1902114A00A708D1 /* Foundation.framework */; };
		4D9CBF681902114A00A708D1 /* UIKit.framework in Frameworks */ = {isa = PBXBuildFile; fileRef = 4D9CBF501902114A00A708D1 /* UIKit.framework */; };
		4D9CBF701902114A00A708D1 /* InfoPlist.strings in Resources */ = {isa = PBXBuildFile; fileRef = 4D9CBF6E1902114A00A708D1 /* InfoPlist.strings */; };
		4D9CBF721902114A00A708D1 /* GPACalTests.m in Sources */ = {isa = PBXBuildFile; fileRef = 4D9CBF711902114A00A708D1 /* GPACalTests.m */; };
		4DFF5671190EFB8E007664C4 /* GPACal_AboutViewController.m in Sources */ = {isa = PBXBuildFile; fileRef = 4DFF5670190EFB8E007664C4 /* GPACal_AboutViewController.m */; };
/* End PBXBuildFile section */

/* Begin PBXContainerItemProxy section */
		4D9CBF691902114A00A708D1 /* PBXContainerItemProxy */ = {
			isa = PBXContainerItemProxy;
			containerPortal = 4D9CBF411902114A00A708D1 /* Project object */;
			proxyType = 1;
			remoteGlobalIDString = 4D9CBF481902114A00A708D1;
			remoteInfo = GPACal;
		};
/* End PBXContainerItemProxy section */

/* Begin PBXFileReference section */
		4D42174C1909D724004CA8BE /* Main.storyboard */ = {isa = PBXFileReference; fileEncoding = 4; lastKnownFileType = file.storyboard; path = Main.storyboard; sourceTree = "<group>"; };
		4D6118A219032AF100B2519F /* GPACal_AddGPAItemViewController.h */ = {isa = PBXFileReference; fileEncoding = 4; lastKnownFileType = sourcecode.c.h; path = GPACal_AddGPAItemViewController.h; sourceTree = "<group>"; };
		4D6118A319032AF100B2519F /* GPACal_AddGPAItemViewController.m */ = {isa = PBXFileReference; fileEncoding = 4; lastKnownFileType = sourcecode.c.objc; path = GPACal_AddGPAItemViewController.m; sourceTree = "<group>"; };
		4D6118A519032CBB00B2519F /* GPACal_GPACalcViewController.h */ = {isa = PBXFileReference; fileEncoding = 4; lastKnownFileType = sourcecode.c.h; path = GPACal_GPACalcViewController.h; sourceTree = "<group>"; };
		4D6118A619032CBB00B2519F /* GPACal_GPACalcViewController.m */ = {isa = PBXFileReference; fileEncoding = 4; lastKnownFileType = sourcecode.c.objc; path = GPACal_GPACalcViewController.m; sourceTree = "<group>"; };
		4D6118A81903888800B2519F /* GPACal_GPAItem.h */ = {isa = PBXFileReference; fileEncoding = 4; lastKnownFileType = sourcecode.c.h; path = GPACal_GPAItem.h; sourceTree = "<group>"; };
		4D6118A91903888800B2519F /* GPACal_GPAItem.m */ = {isa = PBXFileReference; fileEncoding = 4; lastKnownFileType = sourcecode.c.objc; path = GPACal_GPAItem.m; sourceTree = "<group>"; };
		4D64AAA31904C51C00AEDE7E /* GPACal_ClassCellTableViewCell.h */ = {isa = PBXFileReference; fileEncoding = 4; lastKnownFileType = sourcecode.c.h; path = GPACal_ClassCellTableViewCell.h; sourceTree = "<group>"; };
		4D64AAA41904C51C00AEDE7E /* GPACal_ClassCellTableViewCell.m */ = {isa = PBXFileReference; fileEncoding = 4; lastKnownFileType = sourcecode.c.objc; path = GPACal_ClassCellTableViewCell.m; sourceTree = "<group>"; };
		4D9CBF491902114A00A708D1 /* GPACal.app */ = {isa = PBXFileReference; explicitFileType = wrapper.application; includeInIndex = 0; path = GPACal.app; sourceTree = BUILT_PRODUCTS_DIR; };
		4D9CBF4C1902114A00A708D1 /* Foundation.framework */ = {isa = PBXFileReference; lastKnownFileType = wrapper.framework; name = Foundation.framework; path = System/Library/Frameworks/Foundation.framework; sourceTree = SDKROOT; };
		4D9CBF4E1902114A00A708D1 /* CoreGraphics.framework */ = {isa = PBXFileReference; lastKnownFileType = wrapper.framework; name = CoreGraphics.framework; path = System/Library/Frameworks/CoreGraphics.framework; sourceTree = SDKROOT; };
		4D9CBF501902114A00A708D1 /* UIKit.framework */ = {isa = PBXFileReference; lastKnownFileType = wrapper.framework; name = UIKit.framework; path = System/Library/Frameworks/UIKit.framework; sourceTree = SDKROOT; };
		4D9CBF541902114A00A708D1 /* GPACal-Info.plist */ = {isa = PBXFileReference; lastKnownFileType = text.plist.xml; path = "GPACal-Info.plist"; sourceTree = "<group>"; };
		4D9CBF561902114A00A708D1 /* en */ = {isa = PBXFileReference; lastKnownFileType = text.plist.strings; name = en; path = en.lproj/InfoPlist.strings; sourceTree = "<group>"; };
		4D9CBF581902114A00A708D1 /* main.m */ = {isa = PBXFileReference; lastKnownFileType = sourcecode.c.objc; path = main.m; sourceTree = "<group>"; };
		4D9CBF5A1902114A00A708D1 /* GPACal-Prefix.pch */ = {isa = PBXFileReference; lastKnownFileType = sourcecode.c.h; path = "GPACal-Prefix.pch"; sourceTree = "<group>"; };
		4D9CBF5B1902114A00A708D1 /* GPACal_AppDelegate.h */ = {isa = PBXFileReference; lastKnownFileType = sourcecode.c.h; path = GPACal_AppDelegate.h; sourceTree = "<group>"; };
		4D9CBF5C1902114A00A708D1 /* GPACal_AppDelegate.m */ = {isa = PBXFileReference; lastKnownFileType = sourcecode.c.objc; path = GPACal_AppDelegate.m; sourceTree = "<group>"; };
		4D9CBF5E1902114A00A708D1 /* Images.xcassets */ = {isa = PBXFileReference; lastKnownFileType = folder.assetcatalog; path = Images.xcassets; sourceTree = "<group>"; };
		4D9CBF641902114A00A708D1 /* GPACalTests.xctest */ = {isa = PBXFileReference; explicitFileType = wrapper.cfbundle; includeInIndex = 0; path = GPACalTests.xctest; sourceTree = BUILT_PRODUCTS_DIR; };
		4D9CBF651902114A00A708D1 /* XCTest.framework */ = {isa = PBXFileReference; lastKnownFileType = wrapper.framework; name = XCTest.framework; path = Library/Frameworks/XCTest.framework; sourceTree = DEVELOPER_DIR; };
		4D9CBF6D1902114A00A708D1 /* GPACalTests-Info.plist */ = {isa = PBXFileReference; lastKnownFileType = text.plist.xml; path = "GPACalTests-Info.plist"; sourceTree = "<group>"; };
		4D9CBF6F1902114A00A708D1 /* en */ = {isa = PBXFileReference; lastKnownFileType = text.plist.strings; name = en; path = en.lproj/InfoPlist.strings; sourceTree = "<group>"; };
		4D9CBF711902114A00A708D1 /* GPACalTests.m */ = {isa = PBXFileReference; lastKnownFileType = sourcecode.c.objc; path = GPACalTests.m; sourceTree = "<group>"; };
		4DFF566F190EFB8E007664C4 /* GPACal_AboutViewController.h */ = {isa = PBXFileReference; fileEncoding = 4; lastKnownFileType = sourcecode.c.h; path = GPACal_AboutViewController.h; sourceTree = "<group>"; };
		4DFF5670190EFB8E007664C4 /* GPACal_AboutViewController.m */ = {isa = PBXFileReference; fileEncoding = 4; lastKnownFileType = sourcecode.c.objc; path = GPACal_AboutViewController.m; sourceTree = "<group>"; };
/* End PBXFileReference section */

/* Begin PBXFrameworksBuildPhase section */
		4D9CBF461902114A00A708D1 /* Frameworks */ = {
			isa = PBXFrameworksBuildPhase;
			buildActionMask = 2147483647;
			files = (
				4D9CBF4F1902114A00A708D1 /* CoreGraphics.framework in Frameworks */,
				4D9CBF511902114A00A708D1 /* UIKit.framework in Frameworks */,
				4D9CBF4D1902114A00A708D1 /* Foundation.framework in Frameworks */,
			);
			runOnlyForDeploymentPostprocessing = 0;
		};
		4D9CBF611902114A00A708D1 /* Frameworks */ = {
			isa = PBXFrameworksBuildPhase;
			buildActionMask = 2147483647;
			files = (
				4D9CBF661902114A00A708D1 /* XCTest.framework in Frameworks */,
				4D9CBF681902114A00A708D1 /* UIKit.framework in Frameworks */,
				4D9CBF671902114A00A708D1 /* Foundation.framework in Frameworks */,
			);
			runOnlyForDeploymentPostprocessing = 0;
		};
/* End PBXFrameworksBuildPhase section */

/* Begin PBXGroup section */
		4D9CBF401902114A00A708D1 = {
			isa = PBXGroup;
			children = (
				4D9CBF521902114A00A708D1 /* GPACal */,
				4D9CBF6B1902114A00A708D1 /* GPACalTests */,
				4D9CBF4B1902114A00A708D1 /* Frameworks */,
				4D9CBF4A1902114A00A708D1 /* Products */,
			);
			sourceTree = "<group>";
		};
		4D9CBF4A1902114A00A708D1 /* Products */ = {
			isa = PBXGroup;
			children = (
				4D9CBF491902114A00A708D1 /* GPACal.app */,
				4D9CBF641902114A00A708D1 /* GPACalTests.xctest */,
			);
			name = Products;
			sourceTree = "<group>";
		};
		4D9CBF4B1902114A00A708D1 /* Frameworks */ = {
			isa = PBXGroup;
			children = (
				4D9CBF4C1902114A00A708D1 /* Foundation.framework */,
				4D9CBF4E1902114A00A708D1 /* CoreGraphics.framework */,
				4D9CBF501902114A00A708D1 /* UIKit.framework */,
				4D9CBF651902114A00A708D1 /* XCTest.framework */,
			);
			name = Frameworks;
			sourceTree = "<group>";
		};
		4D9CBF521902114A00A708D1 /* GPACal */ = {
			isa = PBXGroup;
			children = (
				4D6118A81903888800B2519F /* GPACal_GPAItem.h */,
				4D6118A91903888800B2519F /* GPACal_GPAItem.m */,
				4D6118A219032AF100B2519F /* GPACal_AddGPAItemViewController.h */,
				4D6118A319032AF100B2519F /* GPACal_AddGPAItemViewController.m */,
				4D42174C1909D724004CA8BE /* Main.storyboard */,
				4DFF566F190EFB8E007664C4 /* GPACal_AboutViewController.h */,
				4DFF5670190EFB8E007664C4 /* GPACal_AboutViewController.m */,
				4D64AAA31904C51C00AEDE7E /* GPACal_ClassCellTableViewCell.h */,
				4D64AAA41904C51C00AEDE7E /* GPACal_ClassCellTableViewCell.m */,
				4D6118A519032CBB00B2519F /* GPACal_GPACalcViewController.h */,
				4D6118A619032CBB00B2519F /* GPACal_GPACalcViewController.m */,
				4D9CBF5B1902114A00A708D1 /* GPACal_AppDelegate.h */,
				4D9CBF5C1902114A00A708D1 /* GPACal_AppDelegate.m */,
				4D9CBF5E1902114A00A708D1 /* Images.xcassets */,
				4D9CBF531902114A00A708D1 /* Supporting Files */,
			);
			path = GPACal;
			sourceTree = "<group>";
		};
		4D9CBF531902114A00A708D1 /* Supporting Files */ = {
			isa = PBXGroup;
			children = (
				4D9CBF541902114A00A708D1 /* GPACal-Info.plist */,
				4D9CBF551902114A00A708D1 /* InfoPlist.strings */,
				4D9CBF581902114A00A708D1 /* main.m */,
				4D9CBF5A1902114A00A708D1 /* GPACal-Prefix.pch */,
			);
			name = "Supporting Files";
			sourceTree = "<group>";
		};
		4D9CBF6B1902114A00A708D1 /* GPACalTests */ = {
			isa = PBXGroup;
			children = (
				4D9CBF711902114A00A708D1 /* GPACalTests.m */,
				4D9CBF6C1902114A00A708D1 /* Supporting Files */,
			);
			path = GPACalTests;
			sourceTree = "<group>";
		};
		4D9CBF6C1902114A00A708D1 /* Supporting Files */ = {
			isa = PBXGroup;
			children = (
				4D9CBF6D1902114A00A708D1 /* GPACalTests-Info.plist */,
				4D9CBF6E1902114A00A708D1 /* InfoPlist.strings */,
			);
			name = "Supporting Files";
			sourceTree = "<group>";
		};
/* End PBXGroup section */

/* Begin PBXNativeTarget section */
		4D9CBF481902114A00A708D1 /* GPACal */ = {
			isa = PBXNativeTarget;
			buildConfigurationList = 4D9CBF751902114A00A708D1 /* Build configuration list for PBXNativeTarget "GPACal" */;
			buildPhases = (
				4D9CBF451902114A00A708D1 /* Sources */,
				4D9CBF461902114A00A708D1 /* Frameworks */,
				4D9CBF471902114A00A708D1 /* Resources */,
			);
			buildRules = (
			);
			dependencies = (
			);
			name = GPACal;
			productName = GPACal;
			productReference = 4D9CBF491902114A00A708D1 /* GPACal.app */;
			productType = "com.apple.product-type.application";
		};
		4D9CBF631902114A00A708D1 /* GPACalTests */ = {
			isa = PBXNativeTarget;
			buildConfigurationList = 4D9CBF781902114A00A708D1 /* Build configuration list for PBXNativeTarget "GPACalTests" */;
			buildPhases = (
				4D9CBF601902114A00A708D1 /* Sources */,
				4D9CBF611902114A00A708D1 /* Frameworks */,
				4D9CBF621902114A00A708D1 /* Resources */,
			);
			buildRules = (
			);
			dependencies = (
				4D9CBF6A1902114A00A708D1 /* PBXTargetDependency */,
			);
			name = GPACalTests;
			productName = GPACalTests;
			productReference = 4D9CBF641902114A00A708D1 /* GPACalTests.xctest */;
			productType = "com.apple.product-type.bundle.unit-test";
		};
/* End PBXNativeTarget section */

/* Begin PBXProject section */
		4D9CBF411902114A00A708D1 /* Project object */ = {
			isa = PBXProject;
			attributes = {
				CLASSPREFIX = GPACal_;
				LastUpgradeCheck = 0510;
				ORGANIZATIONNAME = "Andrew Robinson";
				TargetAttributes = {
					4D9CBF631902114A00A708D1 = {
						TestTargetID = 4D9CBF481902114A00A708D1;
					};
				};
			};
			buildConfigurationList = 4D9CBF441902114A00A708D1 /* Build configuration list for PBXProject "GPACal" */;
			compatibilityVersion = "Xcode 3.2";
			developmentRegion = English;
			hasScannedForEncodings = 0;
			knownRegions = (
				en,
			);
			mainGroup = 4D9CBF401902114A00A708D1;
			productRefGroup = 4D9CBF4A1902114A00A708D1 /* Products */;
			projectDirPath = "";
			projectRoot = "";
			targets = (
				4D9CBF481902114A00A708D1 /* GPACal */,
				4D9CBF631902114A00A708D1 /* GPACalTests */,
			);
		};
/* End PBXProject section */

/* Begin PBXResourcesBuildPhase section */
		4D9CBF471902114A00A708D1 /* Resources */ = {
			isa = PBXResourcesBuildPhase;
			buildActionMask = 2147483647;
			files = (
				4D42174D1909D724004CA8BE /* Main.storyboard in Resources */,
				4D9CBF571902114A00A708D1 /* InfoPlist.strings in Resources */,
				4D9CBF5F1902114A00A708D1 /* Images.xcassets in Resources */,
			);
			runOnlyForDeploymentPostprocessing = 0;
		};
		4D9CBF621902114A00A708D1 /* Resources */ = {
			isa = PBXResourcesBuildPhase;
			buildActionMask = 2147483647;
			files = (
				4D9CBF701902114A00A708D1 /* InfoPlist.strings in Resources */,
			);
			runOnlyForDeploymentPostprocessing = 0;
		};
/* End PBXResourcesBuildPhase section */

/* Begin PBXSourcesBuildPhase section */
		4D9CBF451902114A00A708D1 /* Sources */ = {
			isa = PBXSourcesBuildPhase;
			buildActionMask = 2147483647;
			files = (
				4DFF5671190EFB8E007664C4 /* GPACal_AboutViewController.m in Sources */,
				4D6118AA1903888800B2519F /* GPACal_GPAItem.m in Sources */,
				4D9CBF5D1902114A00A708D1 /* GPACal_AppDelegate.m in Sources */,
				4D64AAA51904C51C00AEDE7E /* GPACal_ClassCellTableViewCell.m in Sources */,
				4D9CBF591902114A00A708D1 /* main.m in Sources */,
				4D6118A419032AF100B2519F /* GPACal_AddGPAItemViewController.m in Sources */,
				4D6118A719032CBB00B2519F /* GPACal_GPACalcViewController.m in Sources */,
			);
			runOnlyForDeploymentPostprocessing = 0;
		};
		4D9CBF601902114A00A708D1 /* Sources */ = {
			isa = PBXSourcesBuildPhase;
			buildActionMask = 2147483647;
			files = (
				4D9CBF721902114A00A708D1 /* GPACalTests.m in Sources */,
			);
			runOnlyForDeploymentPostprocessing = 0;
		};
/* End PBXSourcesBuildPhase section */

/* Begin PBXTargetDependency section */
		4D9CBF6A1902114A00A708D1 /* PBXTargetDependency */ = {
			isa = PBXTargetDependency;
			target = 4D9CBF481902114A00A708D1 /* GPACal */;
			targetProxy = 4D9CBF691902114A00A708D1 /* PBXContainerItemProxy */;
		};
/* End PBXTargetDependency section */

/* Begin PBXVariantGroup section */
		4D9CBF551902114A00A708D1 /* InfoPlist.strings */ = {
			isa = PBXVariantGroup;
			children = (
				4D9CBF561902114A00A708D1 /* en */,
			);
			name = InfoPlist.strings;
			sourceTree = "<group>";
		};
		4D9CBF6E1902114A00A708D1 /* InfoPlist.strings */ = {
			isa = PBXVariantGroup;
			children = (
				4D9CBF6F1902114A00A708D1 /* en */,
			);
			name = InfoPlist.strings;
			sourceTree = "<group>";
		};
/* End PBXVariantGroup section */

/* Begin XCBuildConfiguration section */
		4D9CBF731902114A00A708D1 /* Debug */ = {
			isa = XCBuildConfiguration;
			buildSettings = {
				ALWAYS_SEARCH_USER_PATHS = NO;
				CLANG_CXX_LANGUAGE_STANDARD = "gnu++0x";
				CLANG_CXX_LIBRARY = "libc++";
				CLANG_ENABLE_MODULES = YES;
				CLANG_ENABLE_OBJC_ARC = YES;
				CLANG_WARN_BOOL_CONVERSION = YES;
				CLANG_WARN_CONSTANT_CONVERSION = YES;
				CLANG_WARN_DIRECT_OBJC_ISA_USAGE = YES_ERROR;
				CLANG_WARN_EMPTY_BODY = YES;
				CLANG_WARN_ENUM_CONVERSION = YES;
				CLANG_WARN_INT_CONVERSION = YES;
				CLANG_WARN_OBJC_ROOT_CLASS = YES_ERROR;
				CLANG_WARN__DUPLICATE_METHOD_MATCH = YES;
				"CODE_SIGN_IDENTITY[sdk=iphoneos*]" = "iPhone Developer";
				COPY_PHASE_STRIP = NO;
				GCC_C_LANGUAGE_STANDARD = gnu99;
				GCC_DYNAMIC_NO_PIC = NO;
				GCC_OPTIMIZATION_LEVEL = 0;
				GCC_PREPROCESSOR_DEFINITIONS = (
					"DEBUG=1",
					"$(inherited)",
				);
				GCC_SYMBOLS_PRIVATE_EXTERN = NO;
				GCC_WARN_64_TO_32_BIT_CONVERSION = YES;
				GCC_WARN_ABOUT_RETURN_TYPE = YES_ERROR;
				GCC_WARN_UNDECLARED_SELECTOR = YES;
				GCC_WARN_UNINITIALIZED_AUTOS = YES_AGGRESSIVE;
				GCC_WARN_UNUSED_FUNCTION = YES;
				GCC_WARN_UNUSED_VARIABLE = YES;
				IPHONEOS_DEPLOYMENT_TARGET = 7.1;
				ONLY_ACTIVE_ARCH = YES;
				SDKROOT = iphoneos;
			};
			name = Debug;
		};
		4D9CBF741902114A00A708D1 /* Release */ = {
			isa = XCBuildConfiguration;
			buildSettings = {
				ALWAYS_SEARCH_USER_PATHS = NO;
				CLANG_CXX_LANGUAGE_STANDARD = "gnu++0x";
				CLANG_CXX_LIBRARY = "libc++";
				CLANG_ENABLE_MODULES = YES;
				CLANG_ENABLE_OBJC_ARC = YES;
				CLANG_WARN_BOOL_CONVERSION = YES;
				CLANG_WARN_CONSTANT_CONVERSION = YES;
				CLANG_WARN_DIRECT_OBJC_ISA_USAGE = YES_ERROR;
				CLANG_WARN_EMPTY_BODY = YES;
				CLANG_WARN_ENUM_CONVERSION = YES;
				CLANG_WARN_INT_CONVERSION = YES;
				CLANG_WARN_OBJC_ROOT_CLASS = YES_ERROR;
				CLANG_WARN__DUPLICATE_METHOD_MATCH = YES;
				"CODE_SIGN_IDENTITY[sdk=iphoneos*]" = "iPhone Developer";
				COPY_PHASE_STRIP = YES;
				ENABLE_NS_ASSERTIONS = NO;
				GCC_C_LANGUAGE_STANDARD = gnu99;
				GCC_WARN_64_TO_32_BIT_CONVERSION = YES;
				GCC_WARN_ABOUT_RETURN_TYPE = YES_ERROR;
				GCC_WARN_UNDECLARED_SELECTOR = YES;
				GCC_WARN_UNINITIALIZED_AUTOS = YES_AGGRESSIVE;
				GCC_WARN_UNUSED_FUNCTION = YES;
				GCC_WARN_UNUSED_VARIABLE = YES;
				IPHONEOS_DEPLOYMENT_TARGET = 7.1;
				SDKROOT = iphoneos;
				VALIDATE_PRODUCT = YES;
			};
			name = Release;
		};
		4D9CBF761902114A00A708D1 /* Debug */ = {
			isa = XCBuildConfiguration;
			buildSettings = {
				ASSETCATALOG_COMPILER_APPICON_NAME = AppIcon;
				ASSETCATALOG_COMPILER_LAUNCHIMAGE_NAME = LaunchImage;
				CODE_SIGN_IDENTITY = "iPhone Developer";
				"CODE_SIGN_IDENTITY[sdk=iphoneos*]" = "iPhone Developer";
				GCC_PRECOMPILE_PREFIX_HEADER = YES;
				GCC_PREFIX_HEADER = "GPACal/GPACal-Prefix.pch";
				INFOPLIST_FILE = "GPACal/GPACal-Info.plist";
				PRODUCT_NAME = "$(TARGET_NAME)";
				PROVISIONING_PROFILE = "";
				WRAPPER_EXTENSION = app;
			};
			name = Debug;
		};
		4D9CBF771902114A00A708D1 /* Release */ = {
			isa = XCBuildConfiguration;
			buildSettings = {
				ASSETCATALOG_COMPILER_APPICON_NAME = AppIcon;
				ASSETCATALOG_COMPILER_LAUNCHIMAGE_NAME = LaunchImage;
				CODE_SIGN_IDENTITY = "iPhone Developer";
				"CODE_SIGN_IDENTITY[sdk=iphoneos*]" = "iPhone Developer";
				GCC_PRECOMPILE_PREFIX_HEADER = YES;
				GCC_PREFIX_HEADER = "GPACal/GPACal-Prefix.pch";
				INFOPLIST_FILE = "GPACal/GPACal-Info.plist";
				PRODUCT_NAME = "$(TARGET_NAME)";
				PROVISIONING_PROFILE = "";
				WRAPPER_EXTENSION = app;
			};
			name = Release;
		};
		4D9CBF791902114A00A708D1 /* Debug */ = {
			isa = XCBuildConfiguration;
			buildSettings = {
				BUNDLE_LOADER = "$(BUILT_PRODUCTS_DIR)/GPACal.app/GPACal";
				FRAMEWORK_SEARCH_PATHS = (
					"$(SDKROOT)/Developer/Library/Frameworks",
					"$(inherited)",
					"$(DEVELOPER_FRAMEWORKS_DIR)",
				);
				GCC_PRECOMPILE_PREFIX_HEADER = YES;
				GCC_PREFIX_HEADER = "GPACal/GPACal-Prefix.pch";
				GCC_PREPROCESSOR_DEFINITIONS = (
					"DEBUG=1",
					"$(inherited)",
				);
				INFOPLIST_FILE = "GPACalTests/GPACalTests-Info.plist";
				PRODUCT_NAME = "$(TARGET_NAME)";
				TEST_HOST = "$(BUNDLE_LOADER)";
				WRAPPER_EXTENSION = xctest;
			};
			name = Debug;
		};
		4D9CBF7A1902114A00A708D1 /* Release */ = {
			isa = XCBuildConfiguration;
			buildSettings = {
				BUNDLE_LOADER = "$(BUILT_PRODUCTS_DIR)/GPACal.app/GPACal";
				FRAMEWORK_SEARCH_PATHS = (
					"$(SDKROOT)/Developer/Library/Frameworks",
					"$(inherited)",
					"$(DEVELOPER_FRAMEWORKS_DIR)",
				);
				GCC_PRECOMPILE_PREFIX_HEADER = YES;
				GCC_PREFIX_HEADER = "GPACal/GPACal-Prefix.pch";
				INFOPLIST_FILE = "GPACalTests/GPACalTests-Info.plist";
				PRODUCT_NAME = "$(TARGET_NAME)";
				TEST_HOST = "$(BUNDLE_LOADER)";
				WRAPPER_EXTENSION = xctest;
			};
			name = Release;
		};
/* End XCBuildConfiguration section */

/* Begin XCConfigurationList section */
		4D9CBF441902114A00A708D1 /* Build configuration list for PBXProject "GPACal" */ = {
			isa = XCConfigurationList;
			buildConfigurations = (
				4D9CBF731902114A00A708D1 /* Debug */,
				4D9CBF741902114A00A708D1 /* Release */,
			);
			defaultConfigurationIsVisible = 0;
			defaultConfigurationName = Release;
		};
		4D9CBF751902114A00A708D1 /* Build configuration list for PBXNativeTarget "GPACal" */ = {
			isa = XCConfigurationList;
			buildConfigurations = (
				4D9CBF761902114A00A708D1 /* Debug */,
				4D9CBF771902114A00A708D1 /* Release */,
			);
			defaultConfigurationIsVisible = 0;
			defaultConfigurationName = Release;
		};
		4D9CBF781902114A00A708D1 /* Build configuration list for PBXNativeTarget "GPACalTests" */ = {
			isa = XCConfigurationList;
			buildConfigurations = (
				4D9CBF791902114A00A708D1 /* Debug */,
				4D9CBF7A1902114A00A708D1 /* Release */,
			);
			defaultConfigurationIsVisible = 0;
			defaultConfigurationName = Release;
		};
/* End XCConfigurationList section */
	};
	rootObject = 4D9CBF411902114A00A708D1 /* Project object */;
}
